// !$*UTF8*$!
{
	archiveVersion = 1;
	classes = {
	};
	objectVersion = 50;
	objects = {

/* Begin PBXBuildFile section */
		5C0AABBE224A7F5500C4B8A0 /* API.swift in Sources */ = {isa = PBXBuildFile; fileRef = 5C0AAB9F224A7F3400C4B8A0 /* API.swift */; };
		5C0AABBF224A7F5900C4B8A0 /* App.swift in Sources */ = {isa = PBXBuildFile; fileRef = 5C0AABA0224A7F3400C4B8A0 /* App.swift */; };
		5C0AABC0224A7F6000C4B8A0 /* SearchedAddressCell.swift in Sources */ = {isa = PBXBuildFile; fileRef = 5C0AABA3224A7F3400C4B8A0 /* SearchedAddressCell.swift */; };
		5C0AABC1224A7F6200C4B8A0 /* CurrentLocationCell.swift in Sources */ = {isa = PBXBuildFile; fileRef = 5C0AABA4224A7F3400C4B8A0 /* CurrentLocationCell.swift */; };
		5C0AABC2224A7F6500C4B8A0 /* SearchAddressViewController.swift in Sources */ = {isa = PBXBuildFile; fileRef = 5C0AABA5224A7F3400C4B8A0 /* SearchAddressViewController.swift */; };
		5C0AABC3224A7F6800C4B8A0 /* SharingViewController.swift in Sources */ = {isa = PBXBuildFile; fileRef = 5C0AABA7224A7F3400C4B8A0 /* SharingViewController.swift */; };
		5C0AABC4224A7F6C00C4B8A0 /* DustStateGraph.swift in Sources */ = {isa = PBXBuildFile; fileRef = 5C0AABA9224A7F3400C4B8A0 /* DustStateGraph.swift */; };
		5C0AABC5224A7F6E00C4B8A0 /* MainViewController.swift in Sources */ = {isa = PBXBuildFile; fileRef = 5C0AABAA224A7F3400C4B8A0 /* MainViewController.swift */; };
		5C0AABC6224A7F7100C4B8A0 /* DustCell.swift in Sources */ = {isa = PBXBuildFile; fileRef = 5C0AABAB224A7F3400C4B8A0 /* DustCell.swift */; };
		5C0AABC7224A7F7300C4B8A0 /* DustDetail.swift in Sources */ = {isa = PBXBuildFile; fileRef = 5C0AABAC224A7F3400C4B8A0 /* DustDetail.swift */; };
		5C0AABC8224A7F7700C4B8A0 /* LocationManager.swift in Sources */ = {isa = PBXBuildFile; fileRef = 5C0AABAE224A7F3400C4B8A0 /* LocationManager.swift */; };
		5C0AABC9224A7F7A00C4B8A0 /* FineDustModel.swift in Sources */ = {isa = PBXBuildFile; fileRef = 5C0AABB0224A7F3400C4B8A0 /* FineDustModel.swift */; };
		5C0AABCA224A7F7D00C4B8A0 /* PlaceMark.swift in Sources */ = {isa = PBXBuildFile; fileRef = 5C0AABB1224A7F3400C4B8A0 /* PlaceMark.swift */; };
		5C0AABCB224A7F7F00C4B8A0 /* AddressModel.swift in Sources */ = {isa = PBXBuildFile; fileRef = 5C0AABB2224A7F3400C4B8A0 /* AddressModel.swift */; };
		5C0AABCC224A7F8200C4B8A0 /* Navigator.swift in Sources */ = {isa = PBXBuildFile; fileRef = 5C0AABB4224A7F3400C4B8A0 /* Navigator.swift */; };
		5C0AABCD224A7F8600C4B8A0 /* FineDustService.swift in Sources */ = {isa = PBXBuildFile; fileRef = 5C0AABB6224A7F3400C4B8A0 /* FineDustService.swift */; };
		5C0AABCE224A7F8800C4B8A0 /* FineDustServiceType.swift in Sources */ = {isa = PBXBuildFile; fileRef = 5C0AABB7224A7F3400C4B8A0 /* FineDustServiceType.swift */; };
		5C0AABCF224A7F8B00C4B8A0 /* AddressService.swift in Sources */ = {isa = PBXBuildFile; fileRef = 5C0AABB8224A7F3400C4B8A0 /* AddressService.swift */; };
		5C0AABD0224A7F8D00C4B8A0 /* AddressServiceType.swift in Sources */ = {isa = PBXBuildFile; fileRef = 5C0AABB9224A7F3400C4B8A0 /* AddressServiceType.swift */; };
		5C0AABD1224A7F9000C4B8A0 /* UIView+LayoutAnchor.swift in Sources */ = {isa = PBXBuildFile; fileRef = 5C0AABBB224A7F3400C4B8A0 /* UIView+LayoutAnchor.swift */; };
		5C0AABD2224A7F9400C4B8A0 /* CommonExtension.swift in Sources */ = {isa = PBXBuildFile; fileRef = 5C0AABBC224A7F3400C4B8A0 /* CommonExtension.swift */; };
		5C0AABD3224A7F9600C4B8A0 /* Font+Extension.swift in Sources */ = {isa = PBXBuildFile; fileRef = 5C0AABBD224A7F3400C4B8A0 /* Font+Extension.swift */; };
		5C0AABD7224A7FB300C4B8A0 /* KakaoMessageTemplate.framework in Frameworks */ = {isa = PBXBuildFile; fileRef = 5C0AABD4224A7FB200C4B8A0 /* KakaoMessageTemplate.framework */; };
		5C0AABD8224A7FB300C4B8A0 /* KakaoCommon.framework in Frameworks */ = {isa = PBXBuildFile; fileRef = 5C0AABD5224A7FB200C4B8A0 /* KakaoCommon.framework */; };
		5C0AABD9224A7FB300C4B8A0 /* KakaoLink.framework in Frameworks */ = {isa = PBXBuildFile; fileRef = 5C0AABD6224A7FB200C4B8A0 /* KakaoLink.framework */; };
		5C660854223A659100138A73 /* NotificationCenter.framework in Frameworks */ = {isa = PBXBuildFile; fileRef = 5C660853223A659100138A73 /* NotificationCenter.framework */; };
		5C660857223A659100138A73 /* TodayViewController.swift in Sources */ = {isa = PBXBuildFile; fileRef = 5C660856223A659100138A73 /* TodayViewController.swift */; };
		5C66085A223A659100138A73 /* MainInterface.storyboard in Resources */ = {isa = PBXBuildFile; fileRef = 5C660858223A659100138A73 /* MainInterface.storyboard */; };
		5C66085E223A659100138A73 /* FineDustWidget.appex in Embed App Extensions */ = {isa = PBXBuildFile; fileRef = 5C660852223A659100138A73 /* FineDustWidget.appex */; settings = {ATTRIBUTES = (RemoveHeadersOnCopy, ); }; };
		5C66089F223B6D1A00138A73 /* SF-Pro-Display-Regular.otf in Resources */ = {isa = PBXBuildFile; fileRef = 5C66088D223B6D1900138A73 /* SF-Pro-Display-Regular.otf */; };
		5C6608A0223B6D1A00138A73 /* SF-Pro-Display-Regular.otf in Resources */ = {isa = PBXBuildFile; fileRef = 5C66088D223B6D1900138A73 /* SF-Pro-Display-Regular.otf */; };
		5C6608A1223B6D1A00138A73 /* SF-Pro-Display-BoldItalic.otf in Resources */ = {isa = PBXBuildFile; fileRef = 5C66088E223B6D1900138A73 /* SF-Pro-Display-BoldItalic.otf */; };
		5C6608A2223B6D1A00138A73 /* SF-Pro-Display-BoldItalic.otf in Resources */ = {isa = PBXBuildFile; fileRef = 5C66088E223B6D1900138A73 /* SF-Pro-Display-BoldItalic.otf */; };
		5C6608A3223B6D1A00138A73 /* SF-Pro-Display-UltralightItalic.otf in Resources */ = {isa = PBXBuildFile; fileRef = 5C66088F223B6D1900138A73 /* SF-Pro-Display-UltralightItalic.otf */; };
		5C6608A4223B6D1A00138A73 /* SF-Pro-Display-UltralightItalic.otf in Resources */ = {isa = PBXBuildFile; fileRef = 5C66088F223B6D1900138A73 /* SF-Pro-Display-UltralightItalic.otf */; };
		5C6608A5223B6D1A00138A73 /* SF-Pro-Display-HeavyItalic.otf in Resources */ = {isa = PBXBuildFile; fileRef = 5C660890223B6D1900138A73 /* SF-Pro-Display-HeavyItalic.otf */; };
		5C6608A6223B6D1A00138A73 /* SF-Pro-Display-HeavyItalic.otf in Resources */ = {isa = PBXBuildFile; fileRef = 5C660890223B6D1900138A73 /* SF-Pro-Display-HeavyItalic.otf */; };
		5C6608A7223B6D1A00138A73 /* SF-Pro-Display-Medium.otf in Resources */ = {isa = PBXBuildFile; fileRef = 5C660891223B6D1900138A73 /* SF-Pro-Display-Medium.otf */; };
		5C6608A8223B6D1A00138A73 /* SF-Pro-Display-Medium.otf in Resources */ = {isa = PBXBuildFile; fileRef = 5C660891223B6D1900138A73 /* SF-Pro-Display-Medium.otf */; };
		5C6608A9223B6D1A00138A73 /* SF-Pro-Display-LightItalic.otf in Resources */ = {isa = PBXBuildFile; fileRef = 5C660892223B6D1A00138A73 /* SF-Pro-Display-LightItalic.otf */; };
		5C6608AA223B6D1A00138A73 /* SF-Pro-Display-LightItalic.otf in Resources */ = {isa = PBXBuildFile; fileRef = 5C660892223B6D1A00138A73 /* SF-Pro-Display-LightItalic.otf */; };
		5C6608AB223B6D1A00138A73 /* SF-Pro-Display-Bold.otf in Resources */ = {isa = PBXBuildFile; fileRef = 5C660893223B6D1A00138A73 /* SF-Pro-Display-Bold.otf */; };
		5C6608AC223B6D1A00138A73 /* SF-Pro-Display-Bold.otf in Resources */ = {isa = PBXBuildFile; fileRef = 5C660893223B6D1A00138A73 /* SF-Pro-Display-Bold.otf */; };
		5C6608AD223B6D1A00138A73 /* SF-Pro-Display-ThinItalic.otf in Resources */ = {isa = PBXBuildFile; fileRef = 5C660894223B6D1A00138A73 /* SF-Pro-Display-ThinItalic.otf */; };
		5C6608AE223B6D1A00138A73 /* SF-Pro-Display-ThinItalic.otf in Resources */ = {isa = PBXBuildFile; fileRef = 5C660894223B6D1A00138A73 /* SF-Pro-Display-ThinItalic.otf */; };
		5C6608AF223B6D1A00138A73 /* SF-Pro-Display-Semibold.otf in Resources */ = {isa = PBXBuildFile; fileRef = 5C660895223B6D1A00138A73 /* SF-Pro-Display-Semibold.otf */; };
		5C6608B0223B6D1A00138A73 /* SF-Pro-Display-Semibold.otf in Resources */ = {isa = PBXBuildFile; fileRef = 5C660895223B6D1A00138A73 /* SF-Pro-Display-Semibold.otf */; };
		5C6608B1223B6D1A00138A73 /* SF-Pro-Display-Ultralight.otf in Resources */ = {isa = PBXBuildFile; fileRef = 5C660896223B6D1A00138A73 /* SF-Pro-Display-Ultralight.otf */; };
		5C6608B2223B6D1A00138A73 /* SF-Pro-Display-Ultralight.otf in Resources */ = {isa = PBXBuildFile; fileRef = 5C660896223B6D1A00138A73 /* SF-Pro-Display-Ultralight.otf */; };
		5C6608B3223B6D1A00138A73 /* SF-Pro-Display-RegularItalic.otf in Resources */ = {isa = PBXBuildFile; fileRef = 5C660897223B6D1A00138A73 /* SF-Pro-Display-RegularItalic.otf */; };
		5C6608B4223B6D1A00138A73 /* SF-Pro-Display-RegularItalic.otf in Resources */ = {isa = PBXBuildFile; fileRef = 5C660897223B6D1A00138A73 /* SF-Pro-Display-RegularItalic.otf */; };
		5C6608B5223B6D1A00138A73 /* SF-Pro-Display-Light.otf in Resources */ = {isa = PBXBuildFile; fileRef = 5C660898223B6D1A00138A73 /* SF-Pro-Display-Light.otf */; };
		5C6608B6223B6D1A00138A73 /* SF-Pro-Display-Light.otf in Resources */ = {isa = PBXBuildFile; fileRef = 5C660898223B6D1A00138A73 /* SF-Pro-Display-Light.otf */; };
		5C6608B7223B6D1A00138A73 /* SF-Pro-Display-MediumItalic.otf in Resources */ = {isa = PBXBuildFile; fileRef = 5C660899223B6D1A00138A73 /* SF-Pro-Display-MediumItalic.otf */; };
		5C6608B8223B6D1A00138A73 /* SF-Pro-Display-MediumItalic.otf in Resources */ = {isa = PBXBuildFile; fileRef = 5C660899223B6D1A00138A73 /* SF-Pro-Display-MediumItalic.otf */; };
		5C6608B9223B6D1A00138A73 /* SF-Pro-Display-SemiboldItalic.otf in Resources */ = {isa = PBXBuildFile; fileRef = 5C66089A223B6D1A00138A73 /* SF-Pro-Display-SemiboldItalic.otf */; };
		5C6608BA223B6D1A00138A73 /* SF-Pro-Display-SemiboldItalic.otf in Resources */ = {isa = PBXBuildFile; fileRef = 5C66089A223B6D1A00138A73 /* SF-Pro-Display-SemiboldItalic.otf */; };
		5C6608BB223B6D1A00138A73 /* SF-Pro-Display-Thin.otf in Resources */ = {isa = PBXBuildFile; fileRef = 5C66089B223B6D1A00138A73 /* SF-Pro-Display-Thin.otf */; };
		5C6608BC223B6D1A00138A73 /* SF-Pro-Display-Thin.otf in Resources */ = {isa = PBXBuildFile; fileRef = 5C66089B223B6D1A00138A73 /* SF-Pro-Display-Thin.otf */; };
		5C6608BD223B6D1A00138A73 /* SF-Pro-Display-Heavy.otf in Resources */ = {isa = PBXBuildFile; fileRef = 5C66089C223B6D1A00138A73 /* SF-Pro-Display-Heavy.otf */; };
		5C6608BE223B6D1B00138A73 /* SF-Pro-Display-Heavy.otf in Resources */ = {isa = PBXBuildFile; fileRef = 5C66089C223B6D1A00138A73 /* SF-Pro-Display-Heavy.otf */; };
		5C6608BF223B6D1B00138A73 /* SF-Pro-Display-BlackItalic.otf in Resources */ = {isa = PBXBuildFile; fileRef = 5C66089D223B6D1A00138A73 /* SF-Pro-Display-BlackItalic.otf */; };
		5C6608C0223B6D1B00138A73 /* SF-Pro-Display-BlackItalic.otf in Resources */ = {isa = PBXBuildFile; fileRef = 5C66089D223B6D1A00138A73 /* SF-Pro-Display-BlackItalic.otf */; };
		5C6608C1223B6D1B00138A73 /* SF-Pro-Display-Black.otf in Resources */ = {isa = PBXBuildFile; fileRef = 5C66089E223B6D1A00138A73 /* SF-Pro-Display-Black.otf */; };
		5C6608C2223B6D1B00138A73 /* SF-Pro-Display-Black.otf in Resources */ = {isa = PBXBuildFile; fileRef = 5C66089E223B6D1A00138A73 /* SF-Pro-Display-Black.otf */; };
		5CAA0A39221BE28300BDE83B /* AppDelegate.swift in Sources */ = {isa = PBXBuildFile; fileRef = 5CAA0A38221BE28300BDE83B /* AppDelegate.swift */; };
		5CAA0A3E221BE28300BDE83B /* Main.storyboard in Resources */ = {isa = PBXBuildFile; fileRef = 5CAA0A3C221BE28300BDE83B /* Main.storyboard */; };
		5CAA0A40221BE28400BDE83B /* Assets.xcassets in Resources */ = {isa = PBXBuildFile; fileRef = 5CAA0A3F221BE28400BDE83B /* Assets.xcassets */; };
		5CAA0A43221BE28400BDE83B /* LaunchScreen.storyboard in Resources */ = {isa = PBXBuildFile; fileRef = 5CAA0A41221BE28400BDE83B /* LaunchScreen.storyboard */; };
		6FC448C8DF0E58F2C4CF9A89 /* Pods_FineDust_Copy.framework in Frameworks */ = {isa = PBXBuildFile; fileRef = 06406FA20EDEB80D875A07B9 /* Pods_FineDust_Copy.framework */; };
/* End PBXBuildFile section */

/* Begin PBXContainerItemProxy section */
		5C66085C223A659100138A73 /* PBXContainerItemProxy */ = {
			isa = PBXContainerItemProxy;
			containerPortal = 5CAA0A2D221BE28300BDE83B /* Project object */;
			proxyType = 1;
			remoteGlobalIDString = 5C660851223A659100138A73;
			remoteInfo = FineDustWidget;
		};
/* End PBXContainerItemProxy section */

/* Begin PBXCopyFilesBuildPhase section */
		5C660862223A659100138A73 /* Embed App Extensions */ = {
			isa = PBXCopyFilesBuildPhase;
			buildActionMask = 2147483647;
			dstPath = "";
			dstSubfolderSpec = 13;
			files = (
				5C66085E223A659100138A73 /* FineDustWidget.appex in Embed App Extensions */,
			);
			name = "Embed App Extensions";
			runOnlyForDeploymentPostprocessing = 0;
		};
/* End PBXCopyFilesBuildPhase section */

/* Begin PBXFileReference section */
		06406FA20EDEB80D875A07B9 /* Pods_FineDust_Copy.framework */ = {isa = PBXFileReference; explicitFileType = wrapper.framework; includeInIndex = 0; path = Pods_FineDust_Copy.framework; sourceTree = BUILT_PRODUCTS_DIR; };
		3B46C5AA91C64E7EF4214841 /* Pods-FineDust_Copy.release.xcconfig */ = {isa = PBXFileReference; includeInIndex = 1; lastKnownFileType = text.xcconfig; name = "Pods-FineDust_Copy.release.xcconfig"; path = "Pods/Target Support Files/Pods-FineDust_Copy/Pods-FineDust_Copy.release.xcconfig"; sourceTree = "<group>"; };
		5C0AAB9F224A7F3400C4B8A0 /* API.swift */ = {isa = PBXFileReference; lastKnownFileType = sourcecode.swift; path = API.swift; sourceTree = "<group>"; };
		5C0AABA0224A7F3400C4B8A0 /* App.swift */ = {isa = PBXFileReference; lastKnownFileType = sourcecode.swift; path = App.swift; sourceTree = "<group>"; };
		5C0AABA3224A7F3400C4B8A0 /* SearchedAddressCell.swift */ = {isa = PBXFileReference; lastKnownFileType = sourcecode.swift; path = SearchedAddressCell.swift; sourceTree = "<group>"; };
		5C0AABA4224A7F3400C4B8A0 /* CurrentLocationCell.swift */ = {isa = PBXFileReference; lastKnownFileType = sourcecode.swift; path = CurrentLocationCell.swift; sourceTree = "<group>"; };
		5C0AABA5224A7F3400C4B8A0 /* SearchAddressViewController.swift */ = {isa = PBXFileReference; lastKnownFileType = sourcecode.swift; path = SearchAddressViewController.swift; sourceTree = "<group>"; };
		5C0AABA7224A7F3400C4B8A0 /* SharingViewController.swift */ = {isa = PBXFileReference; lastKnownFileType = sourcecode.swift; path = SharingViewController.swift; sourceTree = "<group>"; };
		5C0AABA9224A7F3400C4B8A0 /* DustStateGraph.swift */ = {isa = PBXFileReference; lastKnownFileType = sourcecode.swift; path = DustStateGraph.swift; sourceTree = "<group>"; };
		5C0AABAA224A7F3400C4B8A0 /* MainViewController.swift */ = {isa = PBXFileReference; lastKnownFileType = sourcecode.swift; path = MainViewController.swift; sourceTree = "<group>"; };
		5C0AABAB224A7F3400C4B8A0 /* DustCell.swift */ = {isa = PBXFileReference; lastKnownFileType = sourcecode.swift; path = DustCell.swift; sourceTree = "<group>"; };
		5C0AABAC224A7F3400C4B8A0 /* DustDetail.swift */ = {isa = PBXFileReference; lastKnownFileType = sourcecode.swift; path = DustDetail.swift; sourceTree = "<group>"; };
		5C0AABAE224A7F3400C4B8A0 /* LocationManager.swift */ = {isa = PBXFileReference; lastKnownFileType = sourcecode.swift; path = LocationManager.swift; sourceTree = "<group>"; };
		5C0AABB0224A7F3400C4B8A0 /* FineDustModel.swift */ = {isa = PBXFileReference; lastKnownFileType = sourcecode.swift; path = FineDustModel.swift; sourceTree = "<group>"; };
		5C0AABB1224A7F3400C4B8A0 /* PlaceMark.swift */ = {isa = PBXFileReference; lastKnownFileType = sourcecode.swift; path = PlaceMark.swift; sourceTree = "<group>"; };
		5C0AABB2224A7F3400C4B8A0 /* AddressModel.swift */ = {isa = PBXFileReference; lastKnownFileType = sourcecode.swift; path = AddressModel.swift; sourceTree = "<group>"; };
		5C0AABB4224A7F3400C4B8A0 /* Navigator.swift */ = {isa = PBXFileReference; lastKnownFileType = sourcecode.swift; path = Navigator.swift; sourceTree = "<group>"; };
		5C0AABB6224A7F3400C4B8A0 /* FineDustService.swift */ = {isa = PBXFileReference; lastKnownFileType = sourcecode.swift; path = FineDustService.swift; sourceTree = "<group>"; };
		5C0AABB7224A7F3400C4B8A0 /* FineDustServiceType.swift */ = {isa = PBXFileReference; lastKnownFileType = sourcecode.swift; path = FineDustServiceType.swift; sourceTree = "<group>"; };
		5C0AABB8224A7F3400C4B8A0 /* AddressService.swift */ = {isa = PBXFileReference; lastKnownFileType = sourcecode.swift; path = AddressService.swift; sourceTree = "<group>"; };
		5C0AABB9224A7F3400C4B8A0 /* AddressServiceType.swift */ = {isa = PBXFileReference; lastKnownFileType = sourcecode.swift; path = AddressServiceType.swift; sourceTree = "<group>"; };
		5C0AABBB224A7F3400C4B8A0 /* UIView+LayoutAnchor.swift */ = {isa = PBXFileReference; lastKnownFileType = sourcecode.swift; path = "UIView+LayoutAnchor.swift"; sourceTree = "<group>"; };
		5C0AABBC224A7F3400C4B8A0 /* CommonExtension.swift */ = {isa = PBXFileReference; lastKnownFileType = sourcecode.swift; path = CommonExtension.swift; sourceTree = "<group>"; };
		5C0AABBD224A7F3400C4B8A0 /* Font+Extension.swift */ = {isa = PBXFileReference; lastKnownFileType = sourcecode.swift; path = "Font+Extension.swift"; sourceTree = "<group>"; };
		5C0AABD4224A7FB200C4B8A0 /* KakaoMessageTemplate.framework */ = {isa = PBXFileReference; lastKnownFileType = wrapper.framework; path = KakaoMessageTemplate.framework; sourceTree = "<group>"; };
		5C0AABD5224A7FB200C4B8A0 /* KakaoCommon.framework */ = {isa = PBXFileReference; lastKnownFileType = wrapper.framework; path = KakaoCommon.framework; sourceTree = "<group>"; };
		5C0AABD6224A7FB200C4B8A0 /* KakaoLink.framework */ = {isa = PBXFileReference; lastKnownFileType = wrapper.framework; path = KakaoLink.framework; sourceTree = "<group>"; };
		5C660852223A659100138A73 /* FineDustWidget.appex */ = {isa = PBXFileReference; explicitFileType = "wrapper.app-extension"; includeInIndex = 0; path = FineDustWidget.appex; sourceTree = BUILT_PRODUCTS_DIR; };
		5C660853223A659100138A73 /* NotificationCenter.framework */ = {isa = PBXFileReference; lastKnownFileType = wrapper.framework; name = NotificationCenter.framework; path = System/Library/Frameworks/NotificationCenter.framework; sourceTree = SDKROOT; };
		5C660856223A659100138A73 /* TodayViewController.swift */ = {isa = PBXFileReference; lastKnownFileType = sourcecode.swift; path = TodayViewController.swift; sourceTree = "<group>"; };
		5C660859223A659100138A73 /* Base */ = {isa = PBXFileReference; lastKnownFileType = file.storyboard; name = Base; path = Base.lproj/MainInterface.storyboard; sourceTree = "<group>"; };
		5C66085B223A659100138A73 /* Info.plist */ = {isa = PBXFileReference; lastKnownFileType = text.plist.xml; path = Info.plist; sourceTree = "<group>"; };
		5C660863223A660D00138A73 /* FineDust_Copy.entitlements */ = {isa = PBXFileReference; lastKnownFileType = text.plist.entitlements; path = FineDust_Copy.entitlements; sourceTree = "<group>"; };
		5C66088D223B6D1900138A73 /* SF-Pro-Display-Regular.otf */ = {isa = PBXFileReference; lastKnownFileType = file; path = "SF-Pro-Display-Regular.otf"; sourceTree = "<group>"; };
		5C66088E223B6D1900138A73 /* SF-Pro-Display-BoldItalic.otf */ = {isa = PBXFileReference; lastKnownFileType = file; path = "SF-Pro-Display-BoldItalic.otf"; sourceTree = "<group>"; };
		5C66088F223B6D1900138A73 /* SF-Pro-Display-UltralightItalic.otf */ = {isa = PBXFileReference; lastKnownFileType = file; path = "SF-Pro-Display-UltralightItalic.otf"; sourceTree = "<group>"; };
		5C660890223B6D1900138A73 /* SF-Pro-Display-HeavyItalic.otf */ = {isa = PBXFileReference; lastKnownFileType = file; path = "SF-Pro-Display-HeavyItalic.otf"; sourceTree = "<group>"; };
		5C660891223B6D1900138A73 /* SF-Pro-Display-Medium.otf */ = {isa = PBXFileReference; lastKnownFileType = file; path = "SF-Pro-Display-Medium.otf"; sourceTree = "<group>"; };
		5C660892223B6D1A00138A73 /* SF-Pro-Display-LightItalic.otf */ = {isa = PBXFileReference; lastKnownFileType = file; path = "SF-Pro-Display-LightItalic.otf"; sourceTree = "<group>"; };
		5C660893223B6D1A00138A73 /* SF-Pro-Display-Bold.otf */ = {isa = PBXFileReference; lastKnownFileType = file; path = "SF-Pro-Display-Bold.otf"; sourceTree = "<group>"; };
		5C660894223B6D1A00138A73 /* SF-Pro-Display-ThinItalic.otf */ = {isa = PBXFileReference; lastKnownFileType = file; path = "SF-Pro-Display-ThinItalic.otf"; sourceTree = "<group>"; };
		5C660895223B6D1A00138A73 /* SF-Pro-Display-Semibold.otf */ = {isa = PBXFileReference; lastKnownFileType = file; path = "SF-Pro-Display-Semibold.otf"; sourceTree = "<group>"; };
		5C660896223B6D1A00138A73 /* SF-Pro-Display-Ultralight.otf */ = {isa = PBXFileReference; lastKnownFileType = file; path = "SF-Pro-Display-Ultralight.otf"; sourceTree = "<group>"; };
		5C660897223B6D1A00138A73 /* SF-Pro-Display-RegularItalic.otf */ = {isa = PBXFileReference; lastKnownFileType = file; path = "SF-Pro-Display-RegularItalic.otf"; sourceTree = "<group>"; };
		5C660898223B6D1A00138A73 /* SF-Pro-Display-Light.otf */ = {isa = PBXFileReference; lastKnownFileType = file; path = "SF-Pro-Display-Light.otf"; sourceTree = "<group>"; };
		5C660899223B6D1A00138A73 /* SF-Pro-Display-MediumItalic.otf */ = {isa = PBXFileReference; lastKnownFileType = file; path = "SF-Pro-Display-MediumItalic.otf"; sourceTree = "<group>"; };
		5C66089A223B6D1A00138A73 /* SF-Pro-Display-SemiboldItalic.otf */ = {isa = PBXFileReference; lastKnownFileType = file; path = "SF-Pro-Display-SemiboldItalic.otf"; sourceTree = "<group>"; };
		5C66089B223B6D1A00138A73 /* SF-Pro-Display-Thin.otf */ = {isa = PBXFileReference; lastKnownFileType = file; path = "SF-Pro-Display-Thin.otf"; sourceTree = "<group>"; };
		5C66089C223B6D1A00138A73 /* SF-Pro-Display-Heavy.otf */ = {isa = PBXFileReference; lastKnownFileType = file; path = "SF-Pro-Display-Heavy.otf"; sourceTree = "<group>"; };
		5C66089D223B6D1A00138A73 /* SF-Pro-Display-BlackItalic.otf */ = {isa = PBXFileReference; lastKnownFileType = file; path = "SF-Pro-Display-BlackItalic.otf"; sourceTree = "<group>"; };
		5C66089E223B6D1A00138A73 /* SF-Pro-Display-Black.otf */ = {isa = PBXFileReference; lastKnownFileType = file; path = "SF-Pro-Display-Black.otf"; sourceTree = "<group>"; };
		5CAA0A35221BE28300BDE83B /* FineDust_Copy.app */ = {isa = PBXFileReference; explicitFileType = wrapper.application; includeInIndex = 0; path = FineDust_Copy.app; sourceTree = BUILT_PRODUCTS_DIR; };
		5CAA0A38221BE28300BDE83B /* AppDelegate.swift */ = {isa = PBXFileReference; lastKnownFileType = sourcecode.swift; path = AppDelegate.swift; sourceTree = "<group>"; };
		5CAA0A3D221BE28300BDE83B /* Base */ = {isa = PBXFileReference; lastKnownFileType = file.storyboard; name = Base; path = Base.lproj/Main.storyboard; sourceTree = "<group>"; };
		5CAA0A3F221BE28400BDE83B /* Assets.xcassets */ = {isa = PBXFileReference; lastKnownFileType = folder.assetcatalog; path = Assets.xcassets; sourceTree = "<group>"; };
		5CAA0A42221BE28400BDE83B /* Base */ = {isa = PBXFileReference; lastKnownFileType = file.storyboard; name = Base; path = Base.lproj/LaunchScreen.storyboard; sourceTree = "<group>"; };
		5CAA0A44221BE28400BDE83B /* Info.plist */ = {isa = PBXFileReference; lastKnownFileType = text.plist.xml; path = Info.plist; sourceTree = "<group>"; };
		F2F11509E4D9B2758BC68603 /* Pods-FineDust_Copy.debug.xcconfig */ = {isa = PBXFileReference; includeInIndex = 1; lastKnownFileType = text.xcconfig; name = "Pods-FineDust_Copy.debug.xcconfig"; path = "Pods/Target Support Files/Pods-FineDust_Copy/Pods-FineDust_Copy.debug.xcconfig"; sourceTree = "<group>"; };
/* End PBXFileReference section */

/* Begin PBXFrameworksBuildPhase section */
		5C66084F223A659100138A73 /* Frameworks */ = {
			isa = PBXFrameworksBuildPhase;
			buildActionMask = 2147483647;
			files = (
				5C660854223A659100138A73 /* NotificationCenter.framework in Frameworks */,
			);
			runOnlyForDeploymentPostprocessing = 0;
		};
		5CAA0A32221BE28300BDE83B /* Frameworks */ = {
			isa = PBXFrameworksBuildPhase;
			buildActionMask = 2147483647;
			files = (
				5C0AABD9224A7FB300C4B8A0 /* KakaoLink.framework in Frameworks */,
				5C0AABD7224A7FB300C4B8A0 /* KakaoMessageTemplate.framework in Frameworks */,
				5C0AABD8224A7FB300C4B8A0 /* KakaoCommon.framework in Frameworks */,
				6FC448C8DF0E58F2C4CF9A89 /* Pods_FineDust_Copy.framework in Frameworks */,
			);
			runOnlyForDeploymentPostprocessing = 0;
		};
/* End PBXFrameworksBuildPhase section */

/* Begin PBXGroup section */
		5C0AAB9D224A7F3400C4B8A0 /* Sources */ = {
			isa = PBXGroup;
			children = (
				5C0AABB3224A7F3400C4B8A0 /* Navigator */,
				5C0AAB9E224A7F3400C4B8A0 /* APP */,
				5C0AABA1224A7F3400C4B8A0 /* Content */,
				5C0AABAD224A7F3400C4B8A0 /* Manager */,
				5C0AABAF224A7F3400C4B8A0 /* Model */,
				5C0AABB5224A7F3400C4B8A0 /* Service */,
				5C0AABBA224A7F3400C4B8A0 /* Utility */,
			);
			name = Sources;
			path = ../Sources;
			sourceTree = "<group>";
		};
		5C0AAB9E224A7F3400C4B8A0 /* APP */ = {
			isa = PBXGroup;
			children = (
				5C0AAB9F224A7F3400C4B8A0 /* API.swift */,
				5C0AABA0224A7F3400C4B8A0 /* App.swift */,
			);
			path = APP;
			sourceTree = "<group>";
		};
		5C0AABA1224A7F3400C4B8A0 /* Content */ = {
			isa = PBXGroup;
			children = (
				5C0AABA2224A7F3400C4B8A0 /* SearchAddress */,
				5C0AABA6224A7F3400C4B8A0 /* Sharing */,
				5C0AABA8224A7F3400C4B8A0 /* MainFineDust */,
			);
			path = Content;
			sourceTree = "<group>";
		};
		5C0AABA2224A7F3400C4B8A0 /* SearchAddress */ = {
			isa = PBXGroup;
			children = (
				5C0AABA3224A7F3400C4B8A0 /* SearchedAddressCell.swift */,
				5C0AABA4224A7F3400C4B8A0 /* CurrentLocationCell.swift */,
				5C0AABA5224A7F3400C4B8A0 /* SearchAddressViewController.swift */,
			);
			path = SearchAddress;
			sourceTree = "<group>";
		};
		5C0AABA6224A7F3400C4B8A0 /* Sharing */ = {
			isa = PBXGroup;
			children = (
				5C0AABA7224A7F3400C4B8A0 /* SharingViewController.swift */,
			);
			path = Sharing;
			sourceTree = "<group>";
		};
		5C0AABA8224A7F3400C4B8A0 /* MainFineDust */ = {
			isa = PBXGroup;
			children = (
				5C0AABA9224A7F3400C4B8A0 /* DustStateGraph.swift */,
				5C0AABAA224A7F3400C4B8A0 /* MainViewController.swift */,
				5C0AABAB224A7F3400C4B8A0 /* DustCell.swift */,
				5C0AABAC224A7F3400C4B8A0 /* DustDetail.swift */,
			);
			path = MainFineDust;
			sourceTree = "<group>";
		};
		5C0AABAD224A7F3400C4B8A0 /* Manager */ = {
			isa = PBXGroup;
			children = (
				5C0AABAE224A7F3400C4B8A0 /* LocationManager.swift */,
			);
			path = Manager;
			sourceTree = "<group>";
		};
		5C0AABAF224A7F3400C4B8A0 /* Model */ = {
			isa = PBXGroup;
			children = (
				5C0AABB0224A7F3400C4B8A0 /* FineDustModel.swift */,
				5C0AABB1224A7F3400C4B8A0 /* PlaceMark.swift */,
				5C0AABB2224A7F3400C4B8A0 /* AddressModel.swift */,
			);
			path = Model;
			sourceTree = "<group>";
		};
		5C0AABB3224A7F3400C4B8A0 /* Navigator */ = {
			isa = PBXGroup;
			children = (
				5C0AABB4224A7F3400C4B8A0 /* Navigator.swift */,
			);
			path = Navigator;
			sourceTree = "<group>";
		};
		5C0AABB5224A7F3400C4B8A0 /* Service */ = {
			isa = PBXGroup;
			children = (
				5C0AABB6224A7F3400C4B8A0 /* FineDustService.swift */,
				5C0AABB7224A7F3400C4B8A0 /* FineDustServiceType.swift */,
				5C0AABB8224A7F3400C4B8A0 /* AddressService.swift */,
				5C0AABB9224A7F3400C4B8A0 /* AddressServiceType.swift */,
			);
			path = Service;
			sourceTree = "<group>";
		};
		5C0AABBA224A7F3400C4B8A0 /* Utility */ = {
			isa = PBXGroup;
			children = (
				5C0AABBB224A7F3400C4B8A0 /* UIView+LayoutAnchor.swift */,
				5C0AABBC224A7F3400C4B8A0 /* CommonExtension.swift */,
				5C0AABBD224A7F3400C4B8A0 /* Font+Extension.swift */,
			);
			path = Utility;
			sourceTree = "<group>";
		};
		5C660855223A659100138A73 /* FineDustWidget */ = {
			isa = PBXGroup;
			children = (
				5C660856223A659100138A73 /* TodayViewController.swift */,
				5C660858223A659100138A73 /* MainInterface.storyboard */,
				5C66085B223A659100138A73 /* Info.plist */,
			);
			path = FineDustWidget;
			sourceTree = "<group>";
		};
		5C66088C223B6CFA00138A73 /* Fonts */ = {
			isa = PBXGroup;
			children = (
				5C66089E223B6D1A00138A73 /* SF-Pro-Display-Black.otf */,
				5C66089D223B6D1A00138A73 /* SF-Pro-Display-BlackItalic.otf */,
				5C660893223B6D1A00138A73 /* SF-Pro-Display-Bold.otf */,
				5C66088E223B6D1900138A73 /* SF-Pro-Display-BoldItalic.otf */,
				5C66089C223B6D1A00138A73 /* SF-Pro-Display-Heavy.otf */,
				5C660890223B6D1900138A73 /* SF-Pro-Display-HeavyItalic.otf */,
				5C660898223B6D1A00138A73 /* SF-Pro-Display-Light.otf */,
				5C660892223B6D1A00138A73 /* SF-Pro-Display-LightItalic.otf */,
				5C660891223B6D1900138A73 /* SF-Pro-Display-Medium.otf */,
				5C660899223B6D1A00138A73 /* SF-Pro-Display-MediumItalic.otf */,
				5C66088D223B6D1900138A73 /* SF-Pro-Display-Regular.otf */,
				5C660897223B6D1A00138A73 /* SF-Pro-Display-RegularItalic.otf */,
				5C660895223B6D1A00138A73 /* SF-Pro-Display-Semibold.otf */,
				5C66089A223B6D1A00138A73 /* SF-Pro-Display-SemiboldItalic.otf */,
				5C66089B223B6D1A00138A73 /* SF-Pro-Display-Thin.otf */,
				5C660894223B6D1A00138A73 /* SF-Pro-Display-ThinItalic.otf */,
				5C660896223B6D1A00138A73 /* SF-Pro-Display-Ultralight.otf */,
				5C66088F223B6D1900138A73 /* SF-Pro-Display-UltralightItalic.otf */,
			);
			path = Fonts;
			sourceTree = "<group>";
		};
		5CAA0A2C221BE28300BDE83B = {
			isa = PBXGroup;
			children = (
				5CAA0A37221BE28300BDE83B /* FineDust_Copy */,
				5C660855223A659100138A73 /* FineDustWidget */,
				5CAA0A36221BE28300BDE83B /* Products */,
				AD49F851CA92EB15F7D5A083 /* Pods */,
				D90FA90280CF71FD6087E2EC /* Frameworks */,
			);
			sourceTree = "<group>";
		};
		5CAA0A36221BE28300BDE83B /* Products */ = {
			isa = PBXGroup;
			children = (
				5CAA0A35221BE28300BDE83B /* FineDust_Copy.app */,
				5C660852223A659100138A73 /* FineDustWidget.appex */,
			);
			name = Products;
			sourceTree = "<group>";
		};
		5CAA0A37221BE28300BDE83B /* FineDust_Copy */ = {
			isa = PBXGroup;
			children = (
				5C660863223A660D00138A73 /* FineDust_Copy.entitlements */,
				5CAA0A38221BE28300BDE83B /* AppDelegate.swift */,
				5C0AAB9D224A7F3400C4B8A0 /* Sources */,
				5CAA0A4D221BE2DD00BDE83B /* Resources */,
			);
			path = FineDust_Copy;
			sourceTree = "<group>";
		};
		5CAA0A4D221BE2DD00BDE83B /* Resources */ = {
			isa = PBXGroup;
			children = (
				5C66088C223B6CFA00138A73 /* Fonts */,
				5CAA0A3C221BE28300BDE83B /* Main.storyboard */,
				5CAA0A3F221BE28400BDE83B /* Assets.xcassets */,
				5CAA0A41221BE28400BDE83B /* LaunchScreen.storyboard */,
				5CAA0A44221BE28400BDE83B /* Info.plist */,
			);
			path = Resources;
			sourceTree = "<group>";
		};
		AD49F851CA92EB15F7D5A083 /* Pods */ = {
			isa = PBXGroup;
			children = (
				F2F11509E4D9B2758BC68603 /* Pods-FineDust_Copy.debug.xcconfig */,
				3B46C5AA91C64E7EF4214841 /* Pods-FineDust_Copy.release.xcconfig */,
			);
			name = Pods;
			sourceTree = "<group>";
		};
		D90FA90280CF71FD6087E2EC /* Frameworks */ = {
			isa = PBXGroup;
			children = (
				5C0AABD5224A7FB200C4B8A0 /* KakaoCommon.framework */,
				5C0AABD6224A7FB200C4B8A0 /* KakaoLink.framework */,
				5C0AABD4224A7FB200C4B8A0 /* KakaoMessageTemplate.framework */,
				06406FA20EDEB80D875A07B9 /* Pods_FineDust_Copy.framework */,
				5C660853223A659100138A73 /* NotificationCenter.framework */,
			);
			name = Frameworks;
			sourceTree = "<group>";
		};
/* End PBXGroup section */

/* Begin PBXNativeTarget section */
		5C660851223A659100138A73 /* FineDustWidget */ = {
			isa = PBXNativeTarget;
			buildConfigurationList = 5C66085F223A659100138A73 /* Build configuration list for PBXNativeTarget "FineDustWidget" */;
			buildPhases = (
				5C66084E223A659100138A73 /* Sources */,
				5C66084F223A659100138A73 /* Frameworks */,
				5C660850223A659100138A73 /* Resources */,
			);
			buildRules = (
			);
			dependencies = (
			);
			name = FineDustWidget;
			productName = FineDustWidget;
			productReference = 5C660852223A659100138A73 /* FineDustWidget.appex */;
			productType = "com.apple.product-type.app-extension";
		};
		5CAA0A34221BE28300BDE83B /* FineDust_Copy */ = {
			isa = PBXNativeTarget;
			buildConfigurationList = 5CAA0A47221BE28400BDE83B /* Build configuration list for PBXNativeTarget "FineDust_Copy" */;
			buildPhases = (
				B8FA41CB10CF9ACC6E799BD0 /* [CP] Check Pods Manifest.lock */,
				5CAA0A31221BE28300BDE83B /* Sources */,
				5CAA0A32221BE28300BDE83B /* Frameworks */,
				5CAA0A33221BE28300BDE83B /* Resources */,
				FB4D89C1857AC3721D483F53 /* [CP] Embed Pods Frameworks */,
				5C660862223A659100138A73 /* Embed App Extensions */,
			);
			buildRules = (
			);
			dependencies = (
				5C66085D223A659100138A73 /* PBXTargetDependency */,
			);
			name = FineDust_Copy;
			productName = FineDust_Copy;
			productReference = 5CAA0A35221BE28300BDE83B /* FineDust_Copy.app */;
			productType = "com.apple.product-type.application";
		};
/* End PBXNativeTarget section */

/* Begin PBXProject section */
		5CAA0A2D221BE28300BDE83B /* Project object */ = {
			isa = PBXProject;
			attributes = {
				LastSwiftUpdateCheck = 1010;
				LastUpgradeCheck = 1010;
				ORGANIZATIONNAME = "승진김";
				TargetAttributes = {
					5C660851223A659100138A73 = {
						CreatedOnToolsVersion = 10.1;
					};
					5CAA0A34221BE28300BDE83B = {
						CreatedOnToolsVersion = 10.1;
						SystemCapabilities = {
							com.apple.ApplicationGroups.iOS = {
								enabled = 1;
							};
						};
					};
				};
			};
			buildConfigurationList = 5CAA0A30221BE28300BDE83B /* Build configuration list for PBXProject "FineDust_Copy" */;
			compatibilityVersion = "Xcode 9.3";
			developmentRegion = en;
			hasScannedForEncodings = 0;
			knownRegions = (
				en,
				Base,
			);
			mainGroup = 5CAA0A2C221BE28300BDE83B;
			productRefGroup = 5CAA0A36221BE28300BDE83B /* Products */;
			projectDirPath = "";
			projectRoot = "";
			targets = (
				5CAA0A34221BE28300BDE83B /* FineDust_Copy */,
				5C660851223A659100138A73 /* FineDustWidget */,
			);
		};
/* End PBXProject section */

/* Begin PBXResourcesBuildPhase section */
		5C660850223A659100138A73 /* Resources */ = {
			isa = PBXResourcesBuildPhase;
			buildActionMask = 2147483647;
			files = (
				5C6608A8223B6D1A00138A73 /* SF-Pro-Display-Medium.otf in Resources */,
				5C6608BE223B6D1B00138A73 /* SF-Pro-Display-Heavy.otf in Resources */,
				5C6608A2223B6D1A00138A73 /* SF-Pro-Display-BoldItalic.otf in Resources */,
				5C6608B0223B6D1A00138A73 /* SF-Pro-Display-Semibold.otf in Resources */,
				5C6608A0223B6D1A00138A73 /* SF-Pro-Display-Regular.otf in Resources */,
				5C6608B8223B6D1A00138A73 /* SF-Pro-Display-MediumItalic.otf in Resources */,
				5C6608B6223B6D1A00138A73 /* SF-Pro-Display-Light.otf in Resources */,
				5C66085A223A659100138A73 /* MainInterface.storyboard in Resources */,
				5C6608AE223B6D1A00138A73 /* SF-Pro-Display-ThinItalic.otf in Resources */,
				5C6608BC223B6D1A00138A73 /* SF-Pro-Display-Thin.otf in Resources */,
				5C6608A4223B6D1A00138A73 /* SF-Pro-Display-UltralightItalic.otf in Resources */,
				5C6608C2223B6D1B00138A73 /* SF-Pro-Display-Black.otf in Resources */,
				5C6608A6223B6D1A00138A73 /* SF-Pro-Display-HeavyItalic.otf in Resources */,
				5C6608B4223B6D1A00138A73 /* SF-Pro-Display-RegularItalic.otf in Resources */,
				5C6608C0223B6D1B00138A73 /* SF-Pro-Display-BlackItalic.otf in Resources */,
				5C6608AC223B6D1A00138A73 /* SF-Pro-Display-Bold.otf in Resources */,
				5C6608B2223B6D1A00138A73 /* SF-Pro-Display-Ultralight.otf in Resources */,
				5C6608AA223B6D1A00138A73 /* SF-Pro-Display-LightItalic.otf in Resources */,
				5C6608BA223B6D1A00138A73 /* SF-Pro-Display-SemiboldItalic.otf in Resources */,
			);
			runOnlyForDeploymentPostprocessing = 0;
		};
		5CAA0A33221BE28300BDE83B /* Resources */ = {
			isa = PBXResourcesBuildPhase;
			buildActionMask = 2147483647;
			files = (
				5C6608AF223B6D1A00138A73 /* SF-Pro-Display-Semibold.otf in Resources */,
				5C6608B5223B6D1A00138A73 /* SF-Pro-Display-Light.otf in Resources */,
				5C6608BB223B6D1A00138A73 /* SF-Pro-Display-Thin.otf in Resources */,
				5C6608BD223B6D1A00138A73 /* SF-Pro-Display-Heavy.otf in Resources */,
				5C6608A7223B6D1A00138A73 /* SF-Pro-Display-Medium.otf in Resources */,
				5C6608B3223B6D1A00138A73 /* SF-Pro-Display-RegularItalic.otf in Resources */,
				5C6608B9223B6D1A00138A73 /* SF-Pro-Display-SemiboldItalic.otf in Resources */,
				5C6608B7223B6D1A00138A73 /* SF-Pro-Display-MediumItalic.otf in Resources */,
				5C6608A1223B6D1A00138A73 /* SF-Pro-Display-BoldItalic.otf in Resources */,
				5CAA0A43221BE28400BDE83B /* LaunchScreen.storyboard in Resources */,
				5C6608A5223B6D1A00138A73 /* SF-Pro-Display-HeavyItalic.otf in Resources */,
				5CAA0A40221BE28400BDE83B /* Assets.xcassets in Resources */,
				5C6608A3223B6D1A00138A73 /* SF-Pro-Display-UltralightItalic.otf in Resources */,
				5C6608AB223B6D1A00138A73 /* SF-Pro-Display-Bold.otf in Resources */,
				5C6608C1223B6D1B00138A73 /* SF-Pro-Display-Black.otf in Resources */,
				5C66089F223B6D1A00138A73 /* SF-Pro-Display-Regular.otf in Resources */,
				5C6608BF223B6D1B00138A73 /* SF-Pro-Display-BlackItalic.otf in Resources */,
				5CAA0A3E221BE28300BDE83B /* Main.storyboard in Resources */,
				5C6608AD223B6D1A00138A73 /* SF-Pro-Display-ThinItalic.otf in Resources */,
				5C6608A9223B6D1A00138A73 /* SF-Pro-Display-LightItalic.otf in Resources */,
				5C6608B1223B6D1A00138A73 /* SF-Pro-Display-Ultralight.otf in Resources */,
			);
			runOnlyForDeploymentPostprocessing = 0;
		};
/* End PBXResourcesBuildPhase section */

/* Begin PBXShellScriptBuildPhase section */
		B8FA41CB10CF9ACC6E799BD0 /* [CP] Check Pods Manifest.lock */ = {
			isa = PBXShellScriptBuildPhase;
			buildActionMask = 2147483647;
			files = (
			);
			inputFileListPaths = (
			);
			inputPaths = (
				"${PODS_PODFILE_DIR_PATH}/Podfile.lock",
				"${PODS_ROOT}/Manifest.lock",
			);
			name = "[CP] Check Pods Manifest.lock";
			outputFileListPaths = (
			);
			outputPaths = (
				"$(DERIVED_FILE_DIR)/Pods-FineDust_Copy-checkManifestLockResult.txt",
			);
			runOnlyForDeploymentPostprocessing = 0;
			shellPath = /bin/sh;
			shellScript = "diff \"${PODS_PODFILE_DIR_PATH}/Podfile.lock\" \"${PODS_ROOT}/Manifest.lock\" > /dev/null\nif [ $? != 0 ] ; then\n    # print error to STDERR\n    echo \"error: The sandbox is not in sync with the Podfile.lock. Run 'pod install' or update your CocoaPods installation.\" >&2\n    exit 1\nfi\n# This output is used by Xcode 'outputs' to avoid re-running this script phase.\necho \"SUCCESS\" > \"${SCRIPT_OUTPUT_FILE_0}\"\n";
			showEnvVarsInLog = 0;
		};
		FB4D89C1857AC3721D483F53 /* [CP] Embed Pods Frameworks */ = {
			isa = PBXShellScriptBuildPhase;
			buildActionMask = 2147483647;
			files = (
			);
			inputFileListPaths = (
			);
			inputPaths = (
				"${SRCROOT}/Pods/Target Support Files/Pods-FineDust_Copy/Pods-FineDust_Copy-frameworks.sh",
				"${BUILT_PRODUCTS_DIR}/Alamofire/Alamofire.framework",
			);
			name = "[CP] Embed Pods Frameworks";
			outputFileListPaths = (
			);
			outputPaths = (
				"${TARGET_BUILD_DIR}/${FRAMEWORKS_FOLDER_PATH}/Alamofire.framework",
			);
			runOnlyForDeploymentPostprocessing = 0;
			shellPath = /bin/sh;
			shellScript = "\"${SRCROOT}/Pods/Target Support Files/Pods-FineDust_Copy/Pods-FineDust_Copy-frameworks.sh\"\n";
			showEnvVarsInLog = 0;
		};
/* End PBXShellScriptBuildPhase section */

/* Begin PBXSourcesBuildPhase section */
		5C66084E223A659100138A73 /* Sources */ = {
			isa = PBXSourcesBuildPhase;
			buildActionMask = 2147483647;
			files = (
				5C660857223A659100138A73 /* TodayViewController.swift in Sources */,
			);
			runOnlyForDeploymentPostprocessing = 0;
		};
		5CAA0A31221BE28300BDE83B /* Sources */ = {
			isa = PBXSourcesBuildPhase;
			buildActionMask = 2147483647;
			files = (
				5C0AABCD224A7F8600C4B8A0 /* FineDustService.swift in Sources */,
				5C0AABCF224A7F8B00C4B8A0 /* AddressService.swift in Sources */,
				5C0AABBF224A7F5900C4B8A0 /* App.swift in Sources */,
				5C0AABC3224A7F6800C4B8A0 /* SharingViewController.swift in Sources */,
				5C0AABD3224A7F9600C4B8A0 /* Font+Extension.swift in Sources */,
				5C0AABC4224A7F6C00C4B8A0 /* DustStateGraph.swift in Sources */,
				5C0AABC0224A7F6000C4B8A0 /* SearchedAddressCell.swift in Sources */,
				5C0AABD2224A7F9400C4B8A0 /* CommonExtension.swift in Sources */,
				5C0AABC1224A7F6200C4B8A0 /* CurrentLocationCell.swift in Sources */,
				5C0AABCC224A7F8200C4B8A0 /* Navigator.swift in Sources */,
				5C0AABCE224A7F8800C4B8A0 /* FineDustServiceType.swift in Sources */,
				5C0AABC6224A7F7100C4B8A0 /* DustCell.swift in Sources */,
				5C0AABBE224A7F5500C4B8A0 /* API.swift in Sources */,
				5C0AABC5224A7F6E00C4B8A0 /* MainViewController.swift in Sources */,
				5C0AABCA224A7F7D00C4B8A0 /* PlaceMark.swift in Sources */,
				5C0AABC8224A7F7700C4B8A0 /* LocationManager.swift in Sources */,
				5CAA0A39221BE28300BDE83B /* AppDelegate.swift in Sources */,
				5C0AABD1224A7F9000C4B8A0 /* UIView+LayoutAnchor.swift in Sources */,
				5C0AABC7224A7F7300C4B8A0 /* DustDetail.swift in Sources */,
				5C0AABD0224A7F8D00C4B8A0 /* AddressServiceType.swift in Sources */,
				5C0AABC2224A7F6500C4B8A0 /* SearchAddressViewController.swift in Sources */,
				5C0AABC9224A7F7A00C4B8A0 /* FineDustModel.swift in Sources */,
				5C0AABCB224A7F7F00C4B8A0 /* AddressModel.swift in Sources */,
			);
			runOnlyForDeploymentPostprocessing = 0;
		};
/* End PBXSourcesBuildPhase section */

/* Begin PBXTargetDependency section */
		5C66085D223A659100138A73 /* PBXTargetDependency */ = {
			isa = PBXTargetDependency;
			target = 5C660851223A659100138A73 /* FineDustWidget */;
			targetProxy = 5C66085C223A659100138A73 /* PBXContainerItemProxy */;
		};
/* End PBXTargetDependency section */

/* Begin PBXVariantGroup section */
		5C660858223A659100138A73 /* MainInterface.storyboard */ = {
			isa = PBXVariantGroup;
			children = (
				5C660859223A659100138A73 /* Base */,
			);
			name = MainInterface.storyboard;
			sourceTree = "<group>";
		};
		5CAA0A3C221BE28300BDE83B /* Main.storyboard */ = {
			isa = PBXVariantGroup;
			children = (
				5CAA0A3D221BE28300BDE83B /* Base */,
			);
			name = Main.storyboard;
			sourceTree = "<group>";
		};
		5CAA0A41221BE28400BDE83B /* LaunchScreen.storyboard */ = {
			isa = PBXVariantGroup;
			children = (
				5CAA0A42221BE28400BDE83B /* Base */,
			);
			name = LaunchScreen.storyboard;
			sourceTree = "<group>";
		};
/* End PBXVariantGroup section */

/* Begin XCBuildConfiguration section */
		5C660860223A659100138A73 /* Debug */ = {
			isa = XCBuildConfiguration;
			buildSettings = {
				CODE_SIGN_STYLE = Automatic;
				DEVELOPMENT_TEAM = CNMQE42DQF;
				INFOPLIST_FILE = FineDustWidget/Info.plist;
				LD_RUNPATH_SEARCH_PATHS = (
					"$(inherited)",
					"@executable_path/Frameworks",
					"@executable_path/../../Frameworks",
				);
				PRODUCT_BUNDLE_IDENTIFIER = com.jinShine.MISEKI.FineDustWidget;
				PRODUCT_NAME = "$(TARGET_NAME)";
				SKIP_INSTALL = YES;
				SWIFT_VERSION = 4.2;
				TARGETED_DEVICE_FAMILY = "1,2";
			};
			name = Debug;
		};
		5C660861223A659100138A73 /* Release */ = {
			isa = XCBuildConfiguration;
			buildSettings = {
				CODE_SIGN_STYLE = Automatic;
				DEVELOPMENT_TEAM = CNMQE42DQF;
				INFOPLIST_FILE = FineDustWidget/Info.plist;
				LD_RUNPATH_SEARCH_PATHS = (
					"$(inherited)",
					"@executable_path/Frameworks",
					"@executable_path/../../Frameworks",
				);
				PRODUCT_BUNDLE_IDENTIFIER = com.jinShine.MISEKI.FineDustWidget;
				PRODUCT_NAME = "$(TARGET_NAME)";
				SKIP_INSTALL = YES;
				SWIFT_VERSION = 4.2;
				TARGETED_DEVICE_FAMILY = "1,2";
			};
			name = Release;
		};
		5CAA0A45221BE28400BDE83B /* Debug */ = {
			isa = XCBuildConfiguration;
			buildSettings = {
				ALWAYS_SEARCH_USER_PATHS = NO;
				CLANG_ANALYZER_NONNULL = YES;
				CLANG_ANALYZER_NUMBER_OBJECT_CONVERSION = YES_AGGRESSIVE;
				CLANG_CXX_LANGUAGE_STANDARD = "gnu++14";
				CLANG_CXX_LIBRARY = "libc++";
				CLANG_ENABLE_MODULES = YES;
				CLANG_ENABLE_OBJC_ARC = YES;
				CLANG_ENABLE_OBJC_WEAK = YES;
				CLANG_WARN_BLOCK_CAPTURE_AUTORELEASING = YES;
				CLANG_WARN_BOOL_CONVERSION = YES;
				CLANG_WARN_COMMA = YES;
				CLANG_WARN_CONSTANT_CONVERSION = YES;
				CLANG_WARN_DEPRECATED_OBJC_IMPLEMENTATIONS = YES;
				CLANG_WARN_DIRECT_OBJC_ISA_USAGE = YES_ERROR;
				CLANG_WARN_DOCUMENTATION_COMMENTS = YES;
				CLANG_WARN_EMPTY_BODY = YES;
				CLANG_WARN_ENUM_CONVERSION = YES;
				CLANG_WARN_INFINITE_RECURSION = YES;
				CLANG_WARN_INT_CONVERSION = YES;
				CLANG_WARN_NON_LITERAL_NULL_CONVERSION = YES;
				CLANG_WARN_OBJC_IMPLICIT_RETAIN_SELF = YES;
				CLANG_WARN_OBJC_LITERAL_CONVERSION = YES;
				CLANG_WARN_OBJC_ROOT_CLASS = YES_ERROR;
				CLANG_WARN_RANGE_LOOP_ANALYSIS = YES;
				CLANG_WARN_STRICT_PROTOTYPES = YES;
				CLANG_WARN_SUSPICIOUS_MOVE = YES;
				CLANG_WARN_UNGUARDED_AVAILABILITY = YES_AGGRESSIVE;
				CLANG_WARN_UNREACHABLE_CODE = YES;
				CLANG_WARN__DUPLICATE_METHOD_MATCH = YES;
				CODE_SIGN_IDENTITY = "iPhone Developer";
				COPY_PHASE_STRIP = NO;
				DEBUG_INFORMATION_FORMAT = dwarf;
				ENABLE_STRICT_OBJC_MSGSEND = YES;
				ENABLE_TESTABILITY = YES;
				GCC_C_LANGUAGE_STANDARD = gnu11;
				GCC_DYNAMIC_NO_PIC = NO;
				GCC_NO_COMMON_BLOCKS = YES;
				GCC_OPTIMIZATION_LEVEL = 0;
				GCC_PREPROCESSOR_DEFINITIONS = (
					"DEBUG=1",
					"$(inherited)",
				);
				GCC_WARN_64_TO_32_BIT_CONVERSION = YES;
				GCC_WARN_ABOUT_RETURN_TYPE = YES_ERROR;
				GCC_WARN_UNDECLARED_SELECTOR = YES;
				GCC_WARN_UNINITIALIZED_AUTOS = YES_AGGRESSIVE;
				GCC_WARN_UNUSED_FUNCTION = YES;
				GCC_WARN_UNUSED_VARIABLE = YES;
				IPHONEOS_DEPLOYMENT_TARGET = 12.1;
				MTL_ENABLE_DEBUG_INFO = INCLUDE_SOURCE;
				MTL_FAST_MATH = YES;
				ONLY_ACTIVE_ARCH = YES;
				SDKROOT = iphoneos;
				SWIFT_ACTIVE_COMPILATION_CONDITIONS = DEBUG;
				SWIFT_OPTIMIZATION_LEVEL = "-Onone";
			};
			name = Debug;
		};
		5CAA0A46221BE28400BDE83B /* Release */ = {
			isa = XCBuildConfiguration;
			buildSettings = {
				ALWAYS_SEARCH_USER_PATHS = NO;
				CLANG_ANALYZER_NONNULL = YES;
				CLANG_ANALYZER_NUMBER_OBJECT_CONVERSION = YES_AGGRESSIVE;
				CLANG_CXX_LANGUAGE_STANDARD = "gnu++14";
				CLANG_CXX_LIBRARY = "libc++";
				CLANG_ENABLE_MODULES = YES;
				CLANG_ENABLE_OBJC_ARC = YES;
				CLANG_ENABLE_OBJC_WEAK = YES;
				CLANG_WARN_BLOCK_CAPTURE_AUTORELEASING = YES;
				CLANG_WARN_BOOL_CONVERSION = YES;
				CLANG_WARN_COMMA = YES;
				CLANG_WARN_CONSTANT_CONVERSION = YES;
				CLANG_WARN_DEPRECATED_OBJC_IMPLEMENTATIONS = YES;
				CLANG_WARN_DIRECT_OBJC_ISA_USAGE = YES_ERROR;
				CLANG_WARN_DOCUMENTATION_COMMENTS = YES;
				CLANG_WARN_EMPTY_BODY = YES;
				CLANG_WARN_ENUM_CONVERSION = YES;
				CLANG_WARN_INFINITE_RECURSION = YES;
				CLANG_WARN_INT_CONVERSION = YES;
				CLANG_WARN_NON_LITERAL_NULL_CONVERSION = YES;
				CLANG_WARN_OBJC_IMPLICIT_RETAIN_SELF = YES;
				CLANG_WARN_OBJC_LITERAL_CONVERSION = YES;
				CLANG_WARN_OBJC_ROOT_CLASS = YES_ERROR;
				CLANG_WARN_RANGE_LOOP_ANALYSIS = YES;
				CLANG_WARN_STRICT_PROTOTYPES = YES;
				CLANG_WARN_SUSPICIOUS_MOVE = YES;
				CLANG_WARN_UNGUARDED_AVAILABILITY = YES_AGGRESSIVE;
				CLANG_WARN_UNREACHABLE_CODE = YES;
				CLANG_WARN__DUPLICATE_METHOD_MATCH = YES;
				CODE_SIGN_IDENTITY = "iPhone Developer";
				COPY_PHASE_STRIP = NO;
				DEBUG_INFORMATION_FORMAT = "dwarf-with-dsym";
				ENABLE_NS_ASSERTIONS = NO;
				ENABLE_STRICT_OBJC_MSGSEND = YES;
				GCC_C_LANGUAGE_STANDARD = gnu11;
				GCC_NO_COMMON_BLOCKS = YES;
				GCC_WARN_64_TO_32_BIT_CONVERSION = YES;
				GCC_WARN_ABOUT_RETURN_TYPE = YES_ERROR;
				GCC_WARN_UNDECLARED_SELECTOR = YES;
				GCC_WARN_UNINITIALIZED_AUTOS = YES_AGGRESSIVE;
				GCC_WARN_UNUSED_FUNCTION = YES;
				GCC_WARN_UNUSED_VARIABLE = YES;
				IPHONEOS_DEPLOYMENT_TARGET = 12.1;
				MTL_ENABLE_DEBUG_INFO = NO;
				MTL_FAST_MATH = YES;
				SDKROOT = iphoneos;
				SWIFT_COMPILATION_MODE = wholemodule;
				SWIFT_OPTIMIZATION_LEVEL = "-O";
				VALIDATE_PRODUCT = YES;
			};
			name = Release;
		};
		5CAA0A48221BE28400BDE83B /* Debug */ = {
			isa = XCBuildConfiguration;
			baseConfigurationReference = F2F11509E4D9B2758BC68603 /* Pods-FineDust_Copy.debug.xcconfig */;
			buildSettings = {
				ALWAYS_EMBED_SWIFT_STANDARD_LIBRARIES = YES;
				ASSETCATALOG_COMPILER_APPICON_NAME = AppIcon;
				CODE_SIGN_ENTITLEMENTS = FineDust_Copy/FineDust_Copy.entitlements;
				CODE_SIGN_STYLE = Automatic;
				DEVELOPMENT_TEAM = CNMQE42DQF;
				FRAMEWORK_SEARCH_PATHS = (
					"$(inherited)",
					"$(PROJECT_DIR)",
				);
				INFOPLIST_FILE = "$(SRCROOT)/FineDust_Copy/Resources/Info.plist";
				LD_RUNPATH_SEARCH_PATHS = (
					"$(inherited)",
					"@executable_path/Frameworks",
				);
				PRODUCT_BUNDLE_IDENTIFIER = com.jinShine.MISEKI;
				PRODUCT_NAME = "$(TARGET_NAME)";
				SWIFT_VERSION = 4.2;
				TARGETED_DEVICE_FAMILY = 1;
			};
			name = Debug;
		};
		5CAA0A49221BE28400BDE83B /* Release */ = {
			isa = XCBuildConfiguration;
			baseConfigurationReference = 3B46C5AA91C64E7EF4214841 /* Pods-FineDust_Copy.release.xcconfig */;
			buildSettings = {
				ALWAYS_EMBED_SWIFT_STANDARD_LIBRARIES = YES;
				ASSETCATALOG_COMPILER_APPICON_NAME = AppIcon;
				CODE_SIGN_ENTITLEMENTS = FineDust_Copy/FineDust_Copy.entitlements;
				CODE_SIGN_STYLE = Automatic;
				DEVELOPMENT_TEAM = CNMQE42DQF;
				FRAMEWORK_SEARCH_PATHS = (
					"$(inherited)",
					"$(PROJECT_DIR)",
				);
				INFOPLIST_FILE = "$(SRCROOT)/FineDust_Copy/Resources/Info.plist";
				LD_RUNPATH_SEARCH_PATHS = (
					"$(inherited)",
					"@executable_path/Frameworks",
				);
				PRODUCT_BUNDLE_IDENTIFIER = com.jinShine.MISEKI;
				PRODUCT_NAME = "$(TARGET_NAME)";
				SWIFT_VERSION = 4.2;
				TARGETED_DEVICE_FAMILY = 1;
			};
			name = Release;
		};
/* End XCBuildConfiguration section */

/* Begin XCConfigurationList section */
		5C66085F223A659100138A73 /* Build configuration list for PBXNativeTarget "FineDustWidget" */ = {
			isa = XCConfigurationList;
			buildConfigurations = (
				5C660860223A659100138A73 /* Debug */,
				5C660861223A659100138A73 /* Release */,
			);
			defaultConfigurationIsVisible = 0;
			defaultConfigurationName = Release;
		};
		5CAA0A30221BE28300BDE83B /* Build configuration list for PBXProject "FineDust_Copy" */ = {
			isa = XCConfigurationList;
			buildConfigurations = (
				5CAA0A45221BE28400BDE83B /* Debug */,
				5CAA0A46221BE28400BDE83B /* Release */,
			);
			defaultConfigurationIsVisible = 0;
			defaultConfigurationName = Release;
		};
		5CAA0A47221BE28400BDE83B /* Build configuration list for PBXNativeTarget "FineDust_Copy" */ = {
			isa = XCConfigurationList;
			buildConfigurations = (
				5CAA0A48221BE28400BDE83B /* Debug */,
				5CAA0A49221BE28400BDE83B /* Release */,
			);
			defaultConfigurationIsVisible = 0;
			defaultConfigurationName = Release;
		};
/* End XCConfigurationList section */
	};
	rootObject = 5CAA0A2D221BE28300BDE83B /* Project object */;
}
