// !$*UTF8*$!
{
	archiveVersion = 1;
	classes = {
	};
	objectVersion = 50;
	objects = {

/* Begin PBXBuildFile section */
		5C0104E12225950200CDA230 /* CommonExtension.swift in Sources */ = {isa = PBXBuildFile; fileRef = 5C0104E02225950200CDA230 /* CommonExtension.swift */; };
		5C66084B223A474800138A73 /* App.swift in Sources */ = {isa = PBXBuildFile; fileRef = 5C66084A223A474800138A73 /* App.swift */; };
		5C660854223A659100138A73 /* NotificationCenter.framework in Frameworks */ = {isa = PBXBuildFile; fileRef = 5C660853223A659100138A73 /* NotificationCenter.framework */; };
		5C660857223A659100138A73 /* TodayViewController.swift in Sources */ = {isa = PBXBuildFile; fileRef = 5C660856223A659100138A73 /* TodayViewController.swift */; };
		5C66085A223A659100138A73 /* MainInterface.storyboard in Resources */ = {isa = PBXBuildFile; fileRef = 5C660858223A659100138A73 /* MainInterface.storyboard */; };
		5C66085E223A659100138A73 /* FineDustWidget.appex in Embed App Extensions */ = {isa = PBXBuildFile; fileRef = 5C660852223A659100138A73 /* FineDustWidget.appex */; settings = {ATTRIBUTES = (RemoveHeadersOnCopy, ); }; };
		5C9875A1223AAD9B003A8E01 /* SF-Pro-Display-Black.otf in Resources */ = {isa = PBXBuildFile; fileRef = 5C987591223AAD6F003A8E01 /* SF-Pro-Display-Black.otf */; };
		5C9875A2223AAD9C003A8E01 /* SF-Pro-Display-Black.otf in Resources */ = {isa = PBXBuildFile; fileRef = 5C987591223AAD6F003A8E01 /* SF-Pro-Display-Black.otf */; };
		5C9875A3223AAD9E003A8E01 /* SF-Pro-Display-BlackItalic.otf in Resources */ = {isa = PBXBuildFile; fileRef = 5C98759B223AAD70003A8E01 /* SF-Pro-Display-BlackItalic.otf */; };
		5C9875A4223AAD9F003A8E01 /* SF-Pro-Display-BlackItalic.otf in Resources */ = {isa = PBXBuildFile; fileRef = 5C98759B223AAD70003A8E01 /* SF-Pro-Display-BlackItalic.otf */; };
		5C9875A5223AADA2003A8E01 /* SF-Pro-Display-Bold.otf in Resources */ = {isa = PBXBuildFile; fileRef = 5C987592223AAD6F003A8E01 /* SF-Pro-Display-Bold.otf */; };
		5C9875A6223AADA2003A8E01 /* SF-Pro-Display-Bold.otf in Resources */ = {isa = PBXBuildFile; fileRef = 5C987592223AAD6F003A8E01 /* SF-Pro-Display-Bold.otf */; };
		5C9875A7223AADA5003A8E01 /* SF-Pro-Display-BoldItalic.otf in Resources */ = {isa = PBXBuildFile; fileRef = 5C987599223AAD70003A8E01 /* SF-Pro-Display-BoldItalic.otf */; };
		5C9875A8223AADA5003A8E01 /* SF-Pro-Display-BoldItalic.otf in Resources */ = {isa = PBXBuildFile; fileRef = 5C987599223AAD70003A8E01 /* SF-Pro-Display-BoldItalic.otf */; };
		5C9875A9223AADA8003A8E01 /* SF-Pro-Display-Heavy.otf in Resources */ = {isa = PBXBuildFile; fileRef = 5C98759A223AAD70003A8E01 /* SF-Pro-Display-Heavy.otf */; };
		5C9875AA223AADA8003A8E01 /* SF-Pro-Display-Heavy.otf in Resources */ = {isa = PBXBuildFile; fileRef = 5C98759A223AAD70003A8E01 /* SF-Pro-Display-Heavy.otf */; };
		5C9875AB223AADAA003A8E01 /* SF-Pro-Display-HeavyItalic.otf in Resources */ = {isa = PBXBuildFile; fileRef = 5C987595223AAD6F003A8E01 /* SF-Pro-Display-HeavyItalic.otf */; };
		5C9875AC223AADAB003A8E01 /* SF-Pro-Display-HeavyItalic.otf in Resources */ = {isa = PBXBuildFile; fileRef = 5C987595223AAD6F003A8E01 /* SF-Pro-Display-HeavyItalic.otf */; };
		5C9875AD223AAE00003A8E01 /* SF-Pro-Display-Light.otf in Resources */ = {isa = PBXBuildFile; fileRef = 5C987597223AAD6F003A8E01 /* SF-Pro-Display-Light.otf */; };
		5C9875AE223AAE01003A8E01 /* SF-Pro-Display-Light.otf in Resources */ = {isa = PBXBuildFile; fileRef = 5C987597223AAD6F003A8E01 /* SF-Pro-Display-Light.otf */; };
		5C9875AF223AAE03003A8E01 /* SF-Pro-Display-LightItalic.otf in Resources */ = {isa = PBXBuildFile; fileRef = 5C98759D223AAD70003A8E01 /* SF-Pro-Display-LightItalic.otf */; };
		5C9875B0223AAE04003A8E01 /* SF-Pro-Display-LightItalic.otf in Resources */ = {isa = PBXBuildFile; fileRef = 5C98759D223AAD70003A8E01 /* SF-Pro-Display-LightItalic.otf */; };
		5C9875B1223AAE07003A8E01 /* SF-Pro-Display-Medium.otf in Resources */ = {isa = PBXBuildFile; fileRef = 5C98758F223AAD6E003A8E01 /* SF-Pro-Display-Medium.otf */; };
		5C9875B2223AAE07003A8E01 /* SF-Pro-Display-Medium.otf in Resources */ = {isa = PBXBuildFile; fileRef = 5C98758F223AAD6E003A8E01 /* SF-Pro-Display-Medium.otf */; };
		5C9875B3223AAE09003A8E01 /* SF-Pro-Display-MediumItalic.otf in Resources */ = {isa = PBXBuildFile; fileRef = 5C987596223AAD6F003A8E01 /* SF-Pro-Display-MediumItalic.otf */; };
		5C9875B4223AAE0A003A8E01 /* SF-Pro-Display-MediumItalic.otf in Resources */ = {isa = PBXBuildFile; fileRef = 5C987596223AAD6F003A8E01 /* SF-Pro-Display-MediumItalic.otf */; };
		5C9875B5223AAE0C003A8E01 /* SF-Pro-Display-Regular.otf in Resources */ = {isa = PBXBuildFile; fileRef = 5C98759F223AAD70003A8E01 /* SF-Pro-Display-Regular.otf */; };
		5C9875B6223AAE0C003A8E01 /* SF-Pro-Display-Regular.otf in Resources */ = {isa = PBXBuildFile; fileRef = 5C98759F223AAD70003A8E01 /* SF-Pro-Display-Regular.otf */; };
		5C9875B7223AAE0E003A8E01 /* SF-Pro-Display-RegularItalic.otf in Resources */ = {isa = PBXBuildFile; fileRef = 5C987598223AAD70003A8E01 /* SF-Pro-Display-RegularItalic.otf */; };
		5C9875B8223AAE0F003A8E01 /* SF-Pro-Display-RegularItalic.otf in Resources */ = {isa = PBXBuildFile; fileRef = 5C987598223AAD70003A8E01 /* SF-Pro-Display-RegularItalic.otf */; };
		5C9875B9223AAE11003A8E01 /* SF-Pro-Display-Semibold.otf in Resources */ = {isa = PBXBuildFile; fileRef = 5C987593223AAD6F003A8E01 /* SF-Pro-Display-Semibold.otf */; };
		5C9875BA223AAE11003A8E01 /* SF-Pro-Display-Semibold.otf in Resources */ = {isa = PBXBuildFile; fileRef = 5C987593223AAD6F003A8E01 /* SF-Pro-Display-Semibold.otf */; };
		5C9875BB223AAE14003A8E01 /* SF-Pro-Display-SemiboldItalic.otf in Resources */ = {isa = PBXBuildFile; fileRef = 5C98759E223AAD70003A8E01 /* SF-Pro-Display-SemiboldItalic.otf */; };
		5C9875BC223AAE14003A8E01 /* SF-Pro-Display-SemiboldItalic.otf in Resources */ = {isa = PBXBuildFile; fileRef = 5C98759E223AAD70003A8E01 /* SF-Pro-Display-SemiboldItalic.otf */; };
		5C9875BD223AAE16003A8E01 /* SF-Pro-Display-Thin.otf in Resources */ = {isa = PBXBuildFile; fileRef = 5C9875A0223AAD71003A8E01 /* SF-Pro-Display-Thin.otf */; };
		5C9875BE223AAE17003A8E01 /* SF-Pro-Display-Thin.otf in Resources */ = {isa = PBXBuildFile; fileRef = 5C9875A0223AAD71003A8E01 /* SF-Pro-Display-Thin.otf */; };
		5C9875BF223AAE1A003A8E01 /* SF-Pro-Display-ThinItalic.otf in Resources */ = {isa = PBXBuildFile; fileRef = 5C987590223AAD6F003A8E01 /* SF-Pro-Display-ThinItalic.otf */; };
		5C9875C0223AAE1A003A8E01 /* SF-Pro-Display-ThinItalic.otf in Resources */ = {isa = PBXBuildFile; fileRef = 5C987590223AAD6F003A8E01 /* SF-Pro-Display-ThinItalic.otf */; };
		5C9875C1223AAE1C003A8E01 /* SF-Pro-Display-Ultralight.otf in Resources */ = {isa = PBXBuildFile; fileRef = 5C98759C223AAD70003A8E01 /* SF-Pro-Display-Ultralight.otf */; };
		5C9875C2223AAE1D003A8E01 /* SF-Pro-Display-Ultralight.otf in Resources */ = {isa = PBXBuildFile; fileRef = 5C98759C223AAD70003A8E01 /* SF-Pro-Display-Ultralight.otf */; };
		5C9875C3223AAE1F003A8E01 /* SF-Pro-Display-UltralightItalic.otf in Resources */ = {isa = PBXBuildFile; fileRef = 5C987594223AAD6F003A8E01 /* SF-Pro-Display-UltralightItalic.otf */; };
		5C9875C4223AAE20003A8E01 /* SF-Pro-Display-UltralightItalic.otf in Resources */ = {isa = PBXBuildFile; fileRef = 5C987594223AAD6F003A8E01 /* SF-Pro-Display-UltralightItalic.otf */; };
		5CAA0A39221BE28300BDE83B /* AppDelegate.swift in Sources */ = {isa = PBXBuildFile; fileRef = 5CAA0A38221BE28300BDE83B /* AppDelegate.swift */; };
		5CAA0A3E221BE28300BDE83B /* Main.storyboard in Resources */ = {isa = PBXBuildFile; fileRef = 5CAA0A3C221BE28300BDE83B /* Main.storyboard */; };
		5CAA0A40221BE28400BDE83B /* Assets.xcassets in Resources */ = {isa = PBXBuildFile; fileRef = 5CAA0A3F221BE28400BDE83B /* Assets.xcassets */; };
		5CAA0A43221BE28400BDE83B /* LaunchScreen.storyboard in Resources */ = {isa = PBXBuildFile; fileRef = 5CAA0A41221BE28400BDE83B /* LaunchScreen.storyboard */; };
		5CAA0A4B221BE2AD00BDE83B /* MainViewController.swift in Sources */ = {isa = PBXBuildFile; fileRef = 5CAA0A4A221BE2AD00BDE83B /* MainViewController.swift */; };
		5CAA0A50221BE5CA00BDE83B /* MainFineDustCell.swift in Sources */ = {isa = PBXBuildFile; fileRef = 5CAA0A4F221BE5CA00BDE83B /* MainFineDustCell.swift */; };
		5CAA0A53221BE8CF00BDE83B /* UIView+LayoutAnchor.swift in Sources */ = {isa = PBXBuildFile; fileRef = 5CAA0A52221BE8CF00BDE83B /* UIView+LayoutAnchor.swift */; };
		5CAA0A56221D727300BDE83B /* FineDustService.swift in Sources */ = {isa = PBXBuildFile; fileRef = 5CAA0A55221D727300BDE83B /* FineDustService.swift */; };
		5CAA0A642223792800BDE83B /* FineDustServiceType.swift in Sources */ = {isa = PBXBuildFile; fileRef = 5CAA0A632223792800BDE83B /* FineDustServiceType.swift */; };
		5CAA0A6722237A8E00BDE83B /* Router.swift in Sources */ = {isa = PBXBuildFile; fileRef = 5CAA0A6622237A8E00BDE83B /* Router.swift */; };
		5CAA0A6A2223901600BDE83B /* FineDustModel.swift in Sources */ = {isa = PBXBuildFile; fileRef = 5CAA0A692223901600BDE83B /* FineDustModel.swift */; };
		5CAA0A6D22261DA100BDE83B /* LocationManager.swift in Sources */ = {isa = PBXBuildFile; fileRef = 5CAA0A6C22261DA100BDE83B /* LocationManager.swift */; };
		5CAA0A6F222663AA00BDE83B /* PlaceMark.swift in Sources */ = {isa = PBXBuildFile; fileRef = 5CAA0A6E222663AA00BDE83B /* PlaceMark.swift */; };
		5CAA0A752227E69F00BDE83B /* SearchAddressViewController.swift in Sources */ = {isa = PBXBuildFile; fileRef = 5CAA0A742227E69F00BDE83B /* SearchAddressViewController.swift */; };
		5CAA0A78222E116900BDE83B /* CurrentLocationCell.swift in Sources */ = {isa = PBXBuildFile; fileRef = 5CAA0A77222E116900BDE83B /* CurrentLocationCell.swift */; };
		5CAA0A7A222E52A800BDE83B /* AddressServiceType.swift in Sources */ = {isa = PBXBuildFile; fileRef = 5CAA0A79222E52A800BDE83B /* AddressServiceType.swift */; };
		5CAA0A7C222E52E300BDE83B /* AddressService.swift in Sources */ = {isa = PBXBuildFile; fileRef = 5CAA0A7B222E52E300BDE83B /* AddressService.swift */; };
		5CAA0A7E222E577700BDE83B /* AddressModel.swift in Sources */ = {isa = PBXBuildFile; fileRef = 5CAA0A7D222E577700BDE83B /* AddressModel.swift */; };
		5CAA0A80222E797700BDE83B /* SearchedAddressCell.swift in Sources */ = {isa = PBXBuildFile; fileRef = 5CAA0A7F222E797700BDE83B /* SearchedAddressCell.swift */; };
		6FC448C8DF0E58F2C4CF9A89 /* Pods_FineDust_Copy.framework in Frameworks */ = {isa = PBXBuildFile; fileRef = 06406FA20EDEB80D875A07B9 /* Pods_FineDust_Copy.framework */; };
/* End PBXBuildFile section */

/* Begin PBXContainerItemProxy section */
		5C66085C223A659100138A73 /* PBXContainerItemProxy */ = {
			isa = PBXContainerItemProxy;
			containerPortal = 5CAA0A2D221BE28300BDE83B /* Project object */;
			proxyType = 1;
			remoteGlobalIDString = 5C660851223A659100138A73;
			remoteInfo = FineDustWidget;
		};
/* End PBXContainerItemProxy section */

/* Begin PBXCopyFilesBuildPhase section */
		5C660862223A659100138A73 /* Embed App Extensions */ = {
			isa = PBXCopyFilesBuildPhase;
			buildActionMask = 2147483647;
			dstPath = "";
			dstSubfolderSpec = 13;
			files = (
				5C66085E223A659100138A73 /* FineDustWidget.appex in Embed App Extensions */,
			);
			name = "Embed App Extensions";
			runOnlyForDeploymentPostprocessing = 0;
		};
/* End PBXCopyFilesBuildPhase section */

/* Begin PBXFileReference section */
		06406FA20EDEB80D875A07B9 /* Pods_FineDust_Copy.framework */ = {isa = PBXFileReference; explicitFileType = wrapper.framework; includeInIndex = 0; path = Pods_FineDust_Copy.framework; sourceTree = BUILT_PRODUCTS_DIR; };
		3B46C5AA91C64E7EF4214841 /* Pods-FineDust_Copy.release.xcconfig */ = {isa = PBXFileReference; includeInIndex = 1; lastKnownFileType = text.xcconfig; name = "Pods-FineDust_Copy.release.xcconfig"; path = "Pods/Target Support Files/Pods-FineDust_Copy/Pods-FineDust_Copy.release.xcconfig"; sourceTree = "<group>"; };
		5C0104E02225950200CDA230 /* CommonExtension.swift */ = {isa = PBXFileReference; lastKnownFileType = sourcecode.swift; path = CommonExtension.swift; sourceTree = "<group>"; };
		5C66084A223A474800138A73 /* App.swift */ = {isa = PBXFileReference; lastKnownFileType = sourcecode.swift; path = App.swift; sourceTree = "<group>"; };
		5C660852223A659100138A73 /* FineDustWidget.appex */ = {isa = PBXFileReference; explicitFileType = "wrapper.app-extension"; includeInIndex = 0; path = FineDustWidget.appex; sourceTree = BUILT_PRODUCTS_DIR; };
		5C660853223A659100138A73 /* NotificationCenter.framework */ = {isa = PBXFileReference; lastKnownFileType = wrapper.framework; name = NotificationCenter.framework; path = System/Library/Frameworks/NotificationCenter.framework; sourceTree = SDKROOT; };
		5C660856223A659100138A73 /* TodayViewController.swift */ = {isa = PBXFileReference; lastKnownFileType = sourcecode.swift; path = TodayViewController.swift; sourceTree = "<group>"; };
		5C660859223A659100138A73 /* Base */ = {isa = PBXFileReference; lastKnownFileType = file.storyboard; name = Base; path = Base.lproj/MainInterface.storyboard; sourceTree = "<group>"; };
		5C66085B223A659100138A73 /* Info.plist */ = {isa = PBXFileReference; lastKnownFileType = text.plist.xml; path = Info.plist; sourceTree = "<group>"; };
		5C660863223A660D00138A73 /* FineDust_Copy.entitlements */ = {isa = PBXFileReference; lastKnownFileType = text.plist.entitlements; path = FineDust_Copy.entitlements; sourceTree = "<group>"; };
		5C98758F223AAD6E003A8E01 /* SF-Pro-Display-Medium.otf */ = {isa = PBXFileReference; lastKnownFileType = file; path = "SF-Pro-Display-Medium.otf"; sourceTree = "<group>"; };
		5C987590223AAD6F003A8E01 /* SF-Pro-Display-ThinItalic.otf */ = {isa = PBXFileReference; lastKnownFileType = file; path = "SF-Pro-Display-ThinItalic.otf"; sourceTree = "<group>"; };
		5C987591223AAD6F003A8E01 /* SF-Pro-Display-Black.otf */ = {isa = PBXFileReference; lastKnownFileType = file; path = "SF-Pro-Display-Black.otf"; sourceTree = "<group>"; };
		5C987592223AAD6F003A8E01 /* SF-Pro-Display-Bold.otf */ = {isa = PBXFileReference; lastKnownFileType = file; path = "SF-Pro-Display-Bold.otf"; sourceTree = "<group>"; };
		5C987593223AAD6F003A8E01 /* SF-Pro-Display-Semibold.otf */ = {isa = PBXFileReference; lastKnownFileType = file; path = "SF-Pro-Display-Semibold.otf"; sourceTree = "<group>"; };
		5C987594223AAD6F003A8E01 /* SF-Pro-Display-UltralightItalic.otf */ = {isa = PBXFileReference; lastKnownFileType = file; path = "SF-Pro-Display-UltralightItalic.otf"; sourceTree = "<group>"; };
		5C987595223AAD6F003A8E01 /* SF-Pro-Display-HeavyItalic.otf */ = {isa = PBXFileReference; lastKnownFileType = file; path = "SF-Pro-Display-HeavyItalic.otf"; sourceTree = "<group>"; };
		5C987596223AAD6F003A8E01 /* SF-Pro-Display-MediumItalic.otf */ = {isa = PBXFileReference; lastKnownFileType = file; path = "SF-Pro-Display-MediumItalic.otf"; sourceTree = "<group>"; };
		5C987597223AAD6F003A8E01 /* SF-Pro-Display-Light.otf */ = {isa = PBXFileReference; lastKnownFileType = file; path = "SF-Pro-Display-Light.otf"; sourceTree = "<group>"; };
		5C987598223AAD70003A8E01 /* SF-Pro-Display-RegularItalic.otf */ = {isa = PBXFileReference; lastKnownFileType = file; path = "SF-Pro-Display-RegularItalic.otf"; sourceTree = "<group>"; };
		5C987599223AAD70003A8E01 /* SF-Pro-Display-BoldItalic.otf */ = {isa = PBXFileReference; lastKnownFileType = file; path = "SF-Pro-Display-BoldItalic.otf"; sourceTree = "<group>"; };
		5C98759A223AAD70003A8E01 /* SF-Pro-Display-Heavy.otf */ = {isa = PBXFileReference; lastKnownFileType = file; path = "SF-Pro-Display-Heavy.otf"; sourceTree = "<group>"; };
		5C98759B223AAD70003A8E01 /* SF-Pro-Display-BlackItalic.otf */ = {isa = PBXFileReference; lastKnownFileType = file; path = "SF-Pro-Display-BlackItalic.otf"; sourceTree = "<group>"; };
		5C98759C223AAD70003A8E01 /* SF-Pro-Display-Ultralight.otf */ = {isa = PBXFileReference; lastKnownFileType = file; path = "SF-Pro-Display-Ultralight.otf"; sourceTree = "<group>"; };
		5C98759D223AAD70003A8E01 /* SF-Pro-Display-LightItalic.otf */ = {isa = PBXFileReference; lastKnownFileType = file; path = "SF-Pro-Display-LightItalic.otf"; sourceTree = "<group>"; };
		5C98759E223AAD70003A8E01 /* SF-Pro-Display-SemiboldItalic.otf */ = {isa = PBXFileReference; lastKnownFileType = file; path = "SF-Pro-Display-SemiboldItalic.otf"; sourceTree = "<group>"; };
		5C98759F223AAD70003A8E01 /* SF-Pro-Display-Regular.otf */ = {isa = PBXFileReference; lastKnownFileType = file; path = "SF-Pro-Display-Regular.otf"; sourceTree = "<group>"; };
		5C9875A0223AAD71003A8E01 /* SF-Pro-Display-Thin.otf */ = {isa = PBXFileReference; lastKnownFileType = file; path = "SF-Pro-Display-Thin.otf"; sourceTree = "<group>"; };
		5CAA0A35221BE28300BDE83B /* FineDust_Copy.app */ = {isa = PBXFileReference; explicitFileType = wrapper.application; includeInIndex = 0; path = FineDust_Copy.app; sourceTree = BUILT_PRODUCTS_DIR; };
		5CAA0A38221BE28300BDE83B /* AppDelegate.swift */ = {isa = PBXFileReference; lastKnownFileType = sourcecode.swift; path = AppDelegate.swift; sourceTree = "<group>"; };
		5CAA0A3D221BE28300BDE83B /* Base */ = {isa = PBXFileReference; lastKnownFileType = file.storyboard; name = Base; path = Base.lproj/Main.storyboard; sourceTree = "<group>"; };
		5CAA0A3F221BE28400BDE83B /* Assets.xcassets */ = {isa = PBXFileReference; lastKnownFileType = folder.assetcatalog; path = Assets.xcassets; sourceTree = "<group>"; };
		5CAA0A42221BE28400BDE83B /* Base */ = {isa = PBXFileReference; lastKnownFileType = file.storyboard; name = Base; path = Base.lproj/LaunchScreen.storyboard; sourceTree = "<group>"; };
		5CAA0A44221BE28400BDE83B /* Info.plist */ = {isa = PBXFileReference; lastKnownFileType = text.plist.xml; path = Info.plist; sourceTree = "<group>"; };
		5CAA0A4A221BE2AD00BDE83B /* MainViewController.swift */ = {isa = PBXFileReference; lastKnownFileType = sourcecode.swift; path = MainViewController.swift; sourceTree = "<group>"; };
		5CAA0A4F221BE5CA00BDE83B /* MainFineDustCell.swift */ = {isa = PBXFileReference; lastKnownFileType = sourcecode.swift; path = MainFineDustCell.swift; sourceTree = "<group>"; };
		5CAA0A52221BE8CF00BDE83B /* UIView+LayoutAnchor.swift */ = {isa = PBXFileReference; lastKnownFileType = sourcecode.swift; path = "UIView+LayoutAnchor.swift"; sourceTree = "<group>"; };
		5CAA0A55221D727300BDE83B /* FineDustService.swift */ = {isa = PBXFileReference; lastKnownFileType = sourcecode.swift; path = FineDustService.swift; sourceTree = "<group>"; };
		5CAA0A632223792800BDE83B /* FineDustServiceType.swift */ = {isa = PBXFileReference; lastKnownFileType = sourcecode.swift; path = FineDustServiceType.swift; sourceTree = "<group>"; };
		5CAA0A6622237A8E00BDE83B /* Router.swift */ = {isa = PBXFileReference; lastKnownFileType = sourcecode.swift; path = Router.swift; sourceTree = "<group>"; };
		5CAA0A692223901600BDE83B /* FineDustModel.swift */ = {isa = PBXFileReference; lastKnownFileType = sourcecode.swift; path = FineDustModel.swift; sourceTree = "<group>"; };
		5CAA0A6C22261DA100BDE83B /* LocationManager.swift */ = {isa = PBXFileReference; lastKnownFileType = sourcecode.swift; path = LocationManager.swift; sourceTree = "<group>"; };
		5CAA0A6E222663AA00BDE83B /* PlaceMark.swift */ = {isa = PBXFileReference; lastKnownFileType = sourcecode.swift; path = PlaceMark.swift; sourceTree = "<group>"; };
		5CAA0A742227E69F00BDE83B /* SearchAddressViewController.swift */ = {isa = PBXFileReference; lastKnownFileType = sourcecode.swift; path = SearchAddressViewController.swift; sourceTree = "<group>"; };
		5CAA0A77222E116900BDE83B /* CurrentLocationCell.swift */ = {isa = PBXFileReference; lastKnownFileType = sourcecode.swift; path = CurrentLocationCell.swift; sourceTree = "<group>"; };
		5CAA0A79222E52A800BDE83B /* AddressServiceType.swift */ = {isa = PBXFileReference; lastKnownFileType = sourcecode.swift; path = AddressServiceType.swift; sourceTree = "<group>"; };
		5CAA0A7B222E52E300BDE83B /* AddressService.swift */ = {isa = PBXFileReference; lastKnownFileType = sourcecode.swift; path = AddressService.swift; sourceTree = "<group>"; };
		5CAA0A7D222E577700BDE83B /* AddressModel.swift */ = {isa = PBXFileReference; lastKnownFileType = sourcecode.swift; path = AddressModel.swift; sourceTree = "<group>"; };
		5CAA0A7F222E797700BDE83B /* SearchedAddressCell.swift */ = {isa = PBXFileReference; lastKnownFileType = sourcecode.swift; path = SearchedAddressCell.swift; sourceTree = "<group>"; };
		F2F11509E4D9B2758BC68603 /* Pods-FineDust_Copy.debug.xcconfig */ = {isa = PBXFileReference; includeInIndex = 1; lastKnownFileType = text.xcconfig; name = "Pods-FineDust_Copy.debug.xcconfig"; path = "Pods/Target Support Files/Pods-FineDust_Copy/Pods-FineDust_Copy.debug.xcconfig"; sourceTree = "<group>"; };
/* End PBXFileReference section */

/* Begin PBXFrameworksBuildPhase section */
		5C66084F223A659100138A73 /* Frameworks */ = {
			isa = PBXFrameworksBuildPhase;
			buildActionMask = 2147483647;
			files = (
				5C660854223A659100138A73 /* NotificationCenter.framework in Frameworks */,
			);
			runOnlyForDeploymentPostprocessing = 0;
		};
		5CAA0A32221BE28300BDE83B /* Frameworks */ = {
			isa = PBXFrameworksBuildPhase;
			buildActionMask = 2147483647;
			files = (
				6FC448C8DF0E58F2C4CF9A89 /* Pods_FineDust_Copy.framework in Frameworks */,
			);
			runOnlyForDeploymentPostprocessing = 0;
		};
/* End PBXFrameworksBuildPhase section */

/* Begin PBXGroup section */
		5C660855223A659100138A73 /* FineDustWidget */ = {
			isa = PBXGroup;
			children = (
				5C660856223A659100138A73 /* TodayViewController.swift */,
				5C660858223A659100138A73 /* MainInterface.storyboard */,
				5C66085B223A659100138A73 /* Info.plist */,
			);
			path = FineDustWidget;
			sourceTree = "<group>";
		};
		5C98758E223AAD00003A8E01 /* Font */ = {
			isa = PBXGroup;
			children = (
				5C987591223AAD6F003A8E01 /* SF-Pro-Display-Black.otf */,
				5C98759B223AAD70003A8E01 /* SF-Pro-Display-BlackItalic.otf */,
				5C987592223AAD6F003A8E01 /* SF-Pro-Display-Bold.otf */,
				5C987599223AAD70003A8E01 /* SF-Pro-Display-BoldItalic.otf */,
				5C98759A223AAD70003A8E01 /* SF-Pro-Display-Heavy.otf */,
				5C987595223AAD6F003A8E01 /* SF-Pro-Display-HeavyItalic.otf */,
				5C987597223AAD6F003A8E01 /* SF-Pro-Display-Light.otf */,
				5C98759D223AAD70003A8E01 /* SF-Pro-Display-LightItalic.otf */,
				5C98758F223AAD6E003A8E01 /* SF-Pro-Display-Medium.otf */,
				5C987596223AAD6F003A8E01 /* SF-Pro-Display-MediumItalic.otf */,
				5C98759F223AAD70003A8E01 /* SF-Pro-Display-Regular.otf */,
				5C987598223AAD70003A8E01 /* SF-Pro-Display-RegularItalic.otf */,
				5C987593223AAD6F003A8E01 /* SF-Pro-Display-Semibold.otf */,
				5C98759E223AAD70003A8E01 /* SF-Pro-Display-SemiboldItalic.otf */,
				5C9875A0223AAD71003A8E01 /* SF-Pro-Display-Thin.otf */,
				5C987590223AAD6F003A8E01 /* SF-Pro-Display-ThinItalic.otf */,
				5C98759C223AAD70003A8E01 /* SF-Pro-Display-Ultralight.otf */,
				5C987594223AAD6F003A8E01 /* SF-Pro-Display-UltralightItalic.otf */,
			);
			path = Font;
			sourceTree = "<group>";
		};
		5CAA0A2C221BE28300BDE83B = {
			isa = PBXGroup;
			children = (
				5CAA0A37221BE28300BDE83B /* FineDust_Copy */,
				5C660855223A659100138A73 /* FineDustWidget */,
				5CAA0A36221BE28300BDE83B /* Products */,
				AD49F851CA92EB15F7D5A083 /* Pods */,
				D90FA90280CF71FD6087E2EC /* Frameworks */,
			);
			sourceTree = "<group>";
		};
		5CAA0A36221BE28300BDE83B /* Products */ = {
			isa = PBXGroup;
			children = (
				5CAA0A35221BE28300BDE83B /* FineDust_Copy.app */,
				5C660852223A659100138A73 /* FineDustWidget.appex */,
			);
			name = Products;
			sourceTree = "<group>";
		};
		5CAA0A37221BE28300BDE83B /* FineDust_Copy */ = {
			isa = PBXGroup;
			children = (
				5C660863223A660D00138A73 /* FineDust_Copy.entitlements */,
				5CAA0A38221BE28300BDE83B /* AppDelegate.swift */,
				5CAA0A4C221BE2B000BDE83B /* Sources */,
				5CAA0A4D221BE2DD00BDE83B /* Resources */,
			);
			path = FineDust_Copy;
			sourceTree = "<group>";
		};
		5CAA0A4C221BE2B000BDE83B /* Sources */ = {
			isa = PBXGroup;
			children = (
				5CAA0A6522237A7500BDE83B /* Router */,
				5CAA0A6B22261D7F00BDE83B /* Manager */,
				5CAA0A6822238FDC00BDE83B /* Model */,
				5CAA0A54221D725700BDE83B /* Service */,
				5CAA0A70222677FE00BDE83B /* Content */,
				5CAA0A51221BE6E600BDE83B /* Utility */,
			);
			path = Sources;
			sourceTree = "<group>";
		};
		5CAA0A4D221BE2DD00BDE83B /* Resources */ = {
			isa = PBXGroup;
			children = (
				5C98758E223AAD00003A8E01 /* Font */,
				5CAA0A3C221BE28300BDE83B /* Main.storyboard */,
				5CAA0A3F221BE28400BDE83B /* Assets.xcassets */,
				5CAA0A41221BE28400BDE83B /* LaunchScreen.storyboard */,
				5CAA0A44221BE28400BDE83B /* Info.plist */,
			);
			path = Resources;
			sourceTree = "<group>";
		};
		5CAA0A4E221BE3DE00BDE83B /* MainFineDust */ = {
			isa = PBXGroup;
			children = (
				5CAA0A4A221BE2AD00BDE83B /* MainViewController.swift */,
				5CAA0A4F221BE5CA00BDE83B /* MainFineDustCell.swift */,
			);
			path = MainFineDust;
			sourceTree = "<group>";
		};
		5CAA0A51221BE6E600BDE83B /* Utility */ = {
			isa = PBXGroup;
			children = (
				5C66084A223A474800138A73 /* App.swift */,
				5CAA0A52221BE8CF00BDE83B /* UIView+LayoutAnchor.swift */,
				5C0104E02225950200CDA230 /* CommonExtension.swift */,
			);
			path = Utility;
			sourceTree = "<group>";
		};
		5CAA0A54221D725700BDE83B /* Service */ = {
			isa = PBXGroup;
			children = (
				5CAA0A632223792800BDE83B /* FineDustServiceType.swift */,
				5CAA0A55221D727300BDE83B /* FineDustService.swift */,
				5CAA0A79222E52A800BDE83B /* AddressServiceType.swift */,
				5CAA0A7B222E52E300BDE83B /* AddressService.swift */,
			);
			path = Service;
			sourceTree = "<group>";
		};
		5CAA0A6522237A7500BDE83B /* Router */ = {
			isa = PBXGroup;
			children = (
				5CAA0A6622237A8E00BDE83B /* Router.swift */,
			);
			path = Router;
			sourceTree = "<group>";
		};
		5CAA0A6822238FDC00BDE83B /* Model */ = {
			isa = PBXGroup;
			children = (
				5CAA0A692223901600BDE83B /* FineDustModel.swift */,
				5CAA0A6E222663AA00BDE83B /* PlaceMark.swift */,
				5CAA0A7D222E577700BDE83B /* AddressModel.swift */,
			);
			path = Model;
			sourceTree = "<group>";
		};
		5CAA0A6B22261D7F00BDE83B /* Manager */ = {
			isa = PBXGroup;
			children = (
				5CAA0A6C22261DA100BDE83B /* LocationManager.swift */,
			);
			path = Manager;
			sourceTree = "<group>";
		};
		5CAA0A70222677FE00BDE83B /* Content */ = {
			isa = PBXGroup;
			children = (
				5CAA0A712227E63C00BDE83B /* SearchAddress */,
				5CAA0A4E221BE3DE00BDE83B /* MainFineDust */,
			);
			path = Content;
			sourceTree = "<group>";
		};
		5CAA0A712227E63C00BDE83B /* SearchAddress */ = {
			isa = PBXGroup;
			children = (
				5CAA0A742227E69F00BDE83B /* SearchAddressViewController.swift */,
				5CAA0A77222E116900BDE83B /* CurrentLocationCell.swift */,
				5CAA0A7F222E797700BDE83B /* SearchedAddressCell.swift */,
			);
			path = SearchAddress;
			sourceTree = "<group>";
		};
		AD49F851CA92EB15F7D5A083 /* Pods */ = {
			isa = PBXGroup;
			children = (
				F2F11509E4D9B2758BC68603 /* Pods-FineDust_Copy.debug.xcconfig */,
				3B46C5AA91C64E7EF4214841 /* Pods-FineDust_Copy.release.xcconfig */,
			);
			name = Pods;
			sourceTree = "<group>";
		};
		D90FA90280CF71FD6087E2EC /* Frameworks */ = {
			isa = PBXGroup;
			children = (
				06406FA20EDEB80D875A07B9 /* Pods_FineDust_Copy.framework */,
				5C660853223A659100138A73 /* NotificationCenter.framework */,
			);
			name = Frameworks;
			sourceTree = "<group>";
		};
/* End PBXGroup section */

/* Begin PBXNativeTarget section */
		5C660851223A659100138A73 /* FineDustWidget */ = {
			isa = PBXNativeTarget;
			buildConfigurationList = 5C66085F223A659100138A73 /* Build configuration list for PBXNativeTarget "FineDustWidget" */;
			buildPhases = (
				5C66084E223A659100138A73 /* Sources */,
				5C66084F223A659100138A73 /* Frameworks */,
				5C660850223A659100138A73 /* Resources */,
			);
			buildRules = (
			);
			dependencies = (
			);
			name = FineDustWidget;
			productName = FineDustWidget;
			productReference = 5C660852223A659100138A73 /* FineDustWidget.appex */;
			productType = "com.apple.product-type.app-extension";
		};
		5CAA0A34221BE28300BDE83B /* FineDust_Copy */ = {
			isa = PBXNativeTarget;
			buildConfigurationList = 5CAA0A47221BE28400BDE83B /* Build configuration list for PBXNativeTarget "FineDust_Copy" */;
			buildPhases = (
				B8FA41CB10CF9ACC6E799BD0 /* [CP] Check Pods Manifest.lock */,
				5CAA0A31221BE28300BDE83B /* Sources */,
				5CAA0A32221BE28300BDE83B /* Frameworks */,
				5CAA0A33221BE28300BDE83B /* Resources */,
				FB4D89C1857AC3721D483F53 /* [CP] Embed Pods Frameworks */,
				5C660862223A659100138A73 /* Embed App Extensions */,
			);
			buildRules = (
			);
			dependencies = (
				5C66085D223A659100138A73 /* PBXTargetDependency */,
			);
			name = FineDust_Copy;
			productName = FineDust_Copy;
			productReference = 5CAA0A35221BE28300BDE83B /* FineDust_Copy.app */;
			productType = "com.apple.product-type.application";
		};
/* End PBXNativeTarget section */

/* Begin PBXProject section */
		5CAA0A2D221BE28300BDE83B /* Project object */ = {
			isa = PBXProject;
			attributes = {
				LastSwiftUpdateCheck = 1010;
				LastUpgradeCheck = 1010;
				ORGANIZATIONNAME = "승진김";
				TargetAttributes = {
					5C660851223A659100138A73 = {
						CreatedOnToolsVersion = 10.1;
					};
					5CAA0A34221BE28300BDE83B = {
						CreatedOnToolsVersion = 10.1;
						SystemCapabilities = {
							com.apple.ApplicationGroups.iOS = {
								enabled = 1;
							};
						};
					};
				};
			};
			buildConfigurationList = 5CAA0A30221BE28300BDE83B /* Build configuration list for PBXProject "FineDust_Copy" */;
			compatibilityVersion = "Xcode 9.3";
			developmentRegion = en;
			hasScannedForEncodings = 0;
			knownRegions = (
				en,
				Base,
			);
			mainGroup = 5CAA0A2C221BE28300BDE83B;
			productRefGroup = 5CAA0A36221BE28300BDE83B /* Products */;
			projectDirPath = "";
			projectRoot = "";
			targets = (
				5CAA0A34221BE28300BDE83B /* FineDust_Copy */,
				5C660851223A659100138A73 /* FineDustWidget */,
			);
		};
/* End PBXProject section */

/* Begin PBXResourcesBuildPhase section */
		5C660850223A659100138A73 /* Resources */ = {
			isa = PBXResourcesBuildPhase;
			buildActionMask = 2147483647;
			files = (
				5C9875A8223AADA5003A8E01 /* SF-Pro-Display-BoldItalic.otf in Resources */,
				5C66085A223A659100138A73 /* MainInterface.storyboard in Resources */,
				5C9875C0223AAE1A003A8E01 /* SF-Pro-Display-ThinItalic.otf in Resources */,
				5C9875C2223AAE1D003A8E01 /* SF-Pro-Display-Ultralight.otf in Resources */,
				5C9875AC223AADAB003A8E01 /* SF-Pro-Display-HeavyItalic.otf in Resources */,
				5C9875B8223AAE0F003A8E01 /* SF-Pro-Display-RegularItalic.otf in Resources */,
				5C9875A4223AAD9F003A8E01 /* SF-Pro-Display-BlackItalic.otf in Resources */,
				5C9875C4223AAE20003A8E01 /* SF-Pro-Display-UltralightItalic.otf in Resources */,
				5C9875B2223AAE07003A8E01 /* SF-Pro-Display-Medium.otf in Resources */,
				5C9875A6223AADA2003A8E01 /* SF-Pro-Display-Bold.otf in Resources */,
				5C9875B4223AAE0A003A8E01 /* SF-Pro-Display-MediumItalic.otf in Resources */,
				5C9875BE223AAE17003A8E01 /* SF-Pro-Display-Thin.otf in Resources */,
				5C9875A2223AAD9C003A8E01 /* SF-Pro-Display-Black.otf in Resources */,
				5C9875AE223AAE01003A8E01 /* SF-Pro-Display-Light.otf in Resources */,
				5C9875BA223AAE11003A8E01 /* SF-Pro-Display-Semibold.otf in Resources */,
				5C9875AA223AADA8003A8E01 /* SF-Pro-Display-Heavy.otf in Resources */,
				5C9875B6223AAE0C003A8E01 /* SF-Pro-Display-Regular.otf in Resources */,
				5C9875B0223AAE04003A8E01 /* SF-Pro-Display-LightItalic.otf in Resources */,
				5C9875BC223AAE14003A8E01 /* SF-Pro-Display-SemiboldItalic.otf in Resources */,
			);
			runOnlyForDeploymentPostprocessing = 0;
		};
		5CAA0A33221BE28300BDE83B /* Resources */ = {
			isa = PBXResourcesBuildPhase;
			buildActionMask = 2147483647;
			files = (
				5C9875C3223AAE1F003A8E01 /* SF-Pro-Display-UltralightItalic.otf in Resources */,
				5C9875B1223AAE07003A8E01 /* SF-Pro-Display-Medium.otf in Resources */,
				5C9875A3223AAD9E003A8E01 /* SF-Pro-Display-BlackItalic.otf in Resources */,
				5C9875BD223AAE16003A8E01 /* SF-Pro-Display-Thin.otf in Resources */,
				5CAA0A43221BE28400BDE83B /* LaunchScreen.storyboard in Resources */,
				5C9875A7223AADA5003A8E01 /* SF-Pro-Display-BoldItalic.otf in Resources */,
				5C9875BB223AAE14003A8E01 /* SF-Pro-Display-SemiboldItalic.otf in Resources */,
				5C9875A9223AADA8003A8E01 /* SF-Pro-Display-Heavy.otf in Resources */,
				5C9875C1223AAE1C003A8E01 /* SF-Pro-Display-Ultralight.otf in Resources */,
				5C9875A5223AADA2003A8E01 /* SF-Pro-Display-Bold.otf in Resources */,
				5C9875B3223AAE09003A8E01 /* SF-Pro-Display-MediumItalic.otf in Resources */,
				5CAA0A40221BE28400BDE83B /* Assets.xcassets in Resources */,
				5C9875B9223AAE11003A8E01 /* SF-Pro-Display-Semibold.otf in Resources */,
				5C9875B7223AAE0E003A8E01 /* SF-Pro-Display-RegularItalic.otf in Resources */,
				5C9875AD223AAE00003A8E01 /* SF-Pro-Display-Light.otf in Resources */,
				5CAA0A3E221BE28300BDE83B /* Main.storyboard in Resources */,
				5C9875AF223AAE03003A8E01 /* SF-Pro-Display-LightItalic.otf in Resources */,
				5C9875AB223AADAA003A8E01 /* SF-Pro-Display-HeavyItalic.otf in Resources */,
				5C9875B5223AAE0C003A8E01 /* SF-Pro-Display-Regular.otf in Resources */,
				5C9875A1223AAD9B003A8E01 /* SF-Pro-Display-Black.otf in Resources */,
				5C9875BF223AAE1A003A8E01 /* SF-Pro-Display-ThinItalic.otf in Resources */,
			);
			runOnlyForDeploymentPostprocessing = 0;
		};
/* End PBXResourcesBuildPhase section */

/* Begin PBXShellScriptBuildPhase section */
		B8FA41CB10CF9ACC6E799BD0 /* [CP] Check Pods Manifest.lock */ = {
			isa = PBXShellScriptBuildPhase;
			buildActionMask = 2147483647;
			files = (
			);
			inputFileListPaths = (
			);
			inputPaths = (
				"${PODS_PODFILE_DIR_PATH}/Podfile.lock",
				"${PODS_ROOT}/Manifest.lock",
			);
			name = "[CP] Check Pods Manifest.lock";
			outputFileListPaths = (
			);
			outputPaths = (
				"$(DERIVED_FILE_DIR)/Pods-FineDust_Copy-checkManifestLockResult.txt",
			);
			runOnlyForDeploymentPostprocessing = 0;
			shellPath = /bin/sh;
			shellScript = "diff \"${PODS_PODFILE_DIR_PATH}/Podfile.lock\" \"${PODS_ROOT}/Manifest.lock\" > /dev/null\nif [ $? != 0 ] ; then\n    # print error to STDERR\n    echo \"error: The sandbox is not in sync with the Podfile.lock. Run 'pod install' or update your CocoaPods installation.\" >&2\n    exit 1\nfi\n# This output is used by Xcode 'outputs' to avoid re-running this script phase.\necho \"SUCCESS\" > \"${SCRIPT_OUTPUT_FILE_0}\"\n";
			showEnvVarsInLog = 0;
		};
		FB4D89C1857AC3721D483F53 /* [CP] Embed Pods Frameworks */ = {
			isa = PBXShellScriptBuildPhase;
			buildActionMask = 2147483647;
			files = (
			);
			inputFileListPaths = (
			);
			inputPaths = (
				"${SRCROOT}/Pods/Target Support Files/Pods-FineDust_Copy/Pods-FineDust_Copy-frameworks.sh",
				"${BUILT_PRODUCTS_DIR}/Alamofire/Alamofire.framework",
			);
			name = "[CP] Embed Pods Frameworks";
			outputFileListPaths = (
			);
			outputPaths = (
				"${TARGET_BUILD_DIR}/${FRAMEWORKS_FOLDER_PATH}/Alamofire.framework",
			);
			runOnlyForDeploymentPostprocessing = 0;
			shellPath = /bin/sh;
			shellScript = "\"${SRCROOT}/Pods/Target Support Files/Pods-FineDust_Copy/Pods-FineDust_Copy-frameworks.sh\"\n";
			showEnvVarsInLog = 0;
		};
/* End PBXShellScriptBuildPhase section */

/* Begin PBXSourcesBuildPhase section */
		5C66084E223A659100138A73 /* Sources */ = {
			isa = PBXSourcesBuildPhase;
			buildActionMask = 2147483647;
			files = (
				5C660857223A659100138A73 /* TodayViewController.swift in Sources */,
			);
			runOnlyForDeploymentPostprocessing = 0;
		};
		5CAA0A31221BE28300BDE83B /* Sources */ = {
			isa = PBXSourcesBuildPhase;
			buildActionMask = 2147483647;
			files = (
				5CAA0A7A222E52A800BDE83B /* AddressServiceType.swift in Sources */,
				5CAA0A80222E797700BDE83B /* SearchedAddressCell.swift in Sources */,
				5CAA0A50221BE5CA00BDE83B /* MainFineDustCell.swift in Sources */,
				5CAA0A642223792800BDE83B /* FineDustServiceType.swift in Sources */,
				5CAA0A6F222663AA00BDE83B /* PlaceMark.swift in Sources */,
				5CAA0A7E222E577700BDE83B /* AddressModel.swift in Sources */,
				5CAA0A78222E116900BDE83B /* CurrentLocationCell.swift in Sources */,
				5CAA0A6D22261DA100BDE83B /* LocationManager.swift in Sources */,
				5CAA0A56221D727300BDE83B /* FineDustService.swift in Sources */,
				5C66084B223A474800138A73 /* App.swift in Sources */,
				5CAA0A7C222E52E300BDE83B /* AddressService.swift in Sources */,
				5CAA0A752227E69F00BDE83B /* SearchAddressViewController.swift in Sources */,
				5CAA0A6722237A8E00BDE83B /* Router.swift in Sources */,
				5CAA0A6A2223901600BDE83B /* FineDustModel.swift in Sources */,
				5CAA0A53221BE8CF00BDE83B /* UIView+LayoutAnchor.swift in Sources */,
				5CAA0A4B221BE2AD00BDE83B /* MainViewController.swift in Sources */,
				5C0104E12225950200CDA230 /* CommonExtension.swift in Sources */,
				5CAA0A39221BE28300BDE83B /* AppDelegate.swift in Sources */,
			);
			runOnlyForDeploymentPostprocessing = 0;
		};
/* End PBXSourcesBuildPhase section */

/* Begin PBXTargetDependency section */
		5C66085D223A659100138A73 /* PBXTargetDependency */ = {
			isa = PBXTargetDependency;
			target = 5C660851223A659100138A73 /* FineDustWidget */;
			targetProxy = 5C66085C223A659100138A73 /* PBXContainerItemProxy */;
		};
/* End PBXTargetDependency section */

/* Begin PBXVariantGroup section */
		5C660858223A659100138A73 /* MainInterface.storyboard */ = {
			isa = PBXVariantGroup;
			children = (
				5C660859223A659100138A73 /* Base */,
			);
			name = MainInterface.storyboard;
			sourceTree = "<group>";
		};
		5CAA0A3C221BE28300BDE83B /* Main.storyboard */ = {
			isa = PBXVariantGroup;
			children = (
				5CAA0A3D221BE28300BDE83B /* Base */,
			);
			name = Main.storyboard;
			sourceTree = "<group>";
		};
		5CAA0A41221BE28400BDE83B /* LaunchScreen.storyboard */ = {
			isa = PBXVariantGroup;
			children = (
				5CAA0A42221BE28400BDE83B /* Base */,
			);
			name = LaunchScreen.storyboard;
			sourceTree = "<group>";
		};
/* End PBXVariantGroup section */

/* Begin XCBuildConfiguration section */
		5C660860223A659100138A73 /* Debug */ = {
			isa = XCBuildConfiguration;
			buildSettings = {
				CODE_SIGN_STYLE = Automatic;
				DEVELOPMENT_TEAM = CNMQE42DQF;
				INFOPLIST_FILE = FineDustWidget/Info.plist;
				LD_RUNPATH_SEARCH_PATHS = (
					"$(inherited)",
					"@executable_path/Frameworks",
					"@executable_path/../../Frameworks",
				);
				PRODUCT_BUNDLE_IDENTIFIER = "com.jinShine.FineDust-Copy.FineDustWidget";
				PRODUCT_NAME = "$(TARGET_NAME)";
				SKIP_INSTALL = YES;
				SWIFT_VERSION = 4.2;
				TARGETED_DEVICE_FAMILY = "1,2";
			};
			name = Debug;
		};
		5C660861223A659100138A73 /* Release */ = {
			isa = XCBuildConfiguration;
			buildSettings = {
				CODE_SIGN_STYLE = Automatic;
				DEVELOPMENT_TEAM = CNMQE42DQF;
				INFOPLIST_FILE = FineDustWidget/Info.plist;
				LD_RUNPATH_SEARCH_PATHS = (
					"$(inherited)",
					"@executable_path/Frameworks",
					"@executable_path/../../Frameworks",
				);
				PRODUCT_BUNDLE_IDENTIFIER = "com.jinShine.FineDust-Copy.FineDustWidget";
				PRODUCT_NAME = "$(TARGET_NAME)";
				SKIP_INSTALL = YES;
				SWIFT_VERSION = 4.2;
				TARGETED_DEVICE_FAMILY = "1,2";
			};
			name = Release;
		};
		5CAA0A45221BE28400BDE83B /* Debug */ = {
			isa = XCBuildConfiguration;
			buildSettings = {
				ALWAYS_SEARCH_USER_PATHS = NO;
				CLANG_ANALYZER_NONNULL = YES;
				CLANG_ANALYZER_NUMBER_OBJECT_CONVERSION = YES_AGGRESSIVE;
				CLANG_CXX_LANGUAGE_STANDARD = "gnu++14";
				CLANG_CXX_LIBRARY = "libc++";
				CLANG_ENABLE_MODULES = YES;
				CLANG_ENABLE_OBJC_ARC = YES;
				CLANG_ENABLE_OBJC_WEAK = YES;
				CLANG_WARN_BLOCK_CAPTURE_AUTORELEASING = YES;
				CLANG_WARN_BOOL_CONVERSION = YES;
				CLANG_WARN_COMMA = YES;
				CLANG_WARN_CONSTANT_CONVERSION = YES;
				CLANG_WARN_DEPRECATED_OBJC_IMPLEMENTATIONS = YES;
				CLANG_WARN_DIRECT_OBJC_ISA_USAGE = YES_ERROR;
				CLANG_WARN_DOCUMENTATION_COMMENTS = YES;
				CLANG_WARN_EMPTY_BODY = YES;
				CLANG_WARN_ENUM_CONVERSION = YES;
				CLANG_WARN_INFINITE_RECURSION = YES;
				CLANG_WARN_INT_CONVERSION = YES;
				CLANG_WARN_NON_LITERAL_NULL_CONVERSION = YES;
				CLANG_WARN_OBJC_IMPLICIT_RETAIN_SELF = YES;
				CLANG_WARN_OBJC_LITERAL_CONVERSION = YES;
				CLANG_WARN_OBJC_ROOT_CLASS = YES_ERROR;
				CLANG_WARN_RANGE_LOOP_ANALYSIS = YES;
				CLANG_WARN_STRICT_PROTOTYPES = YES;
				CLANG_WARN_SUSPICIOUS_MOVE = YES;
				CLANG_WARN_UNGUARDED_AVAILABILITY = YES_AGGRESSIVE;
				CLANG_WARN_UNREACHABLE_CODE = YES;
				CLANG_WARN__DUPLICATE_METHOD_MATCH = YES;
				CODE_SIGN_IDENTITY = "iPhone Developer";
				COPY_PHASE_STRIP = NO;
				DEBUG_INFORMATION_FORMAT = dwarf;
				ENABLE_STRICT_OBJC_MSGSEND = YES;
				ENABLE_TESTABILITY = YES;
				GCC_C_LANGUAGE_STANDARD = gnu11;
				GCC_DYNAMIC_NO_PIC = NO;
				GCC_NO_COMMON_BLOCKS = YES;
				GCC_OPTIMIZATION_LEVEL = 0;
				GCC_PREPROCESSOR_DEFINITIONS = (
					"DEBUG=1",
					"$(inherited)",
				);
				GCC_WARN_64_TO_32_BIT_CONVERSION = YES;
				GCC_WARN_ABOUT_RETURN_TYPE = YES_ERROR;
				GCC_WARN_UNDECLARED_SELECTOR = YES;
				GCC_WARN_UNINITIALIZED_AUTOS = YES_AGGRESSIVE;
				GCC_WARN_UNUSED_FUNCTION = YES;
				GCC_WARN_UNUSED_VARIABLE = YES;
				IPHONEOS_DEPLOYMENT_TARGET = 12.1;
				MTL_ENABLE_DEBUG_INFO = INCLUDE_SOURCE;
				MTL_FAST_MATH = YES;
				ONLY_ACTIVE_ARCH = YES;
				SDKROOT = iphoneos;
				SWIFT_ACTIVE_COMPILATION_CONDITIONS = DEBUG;
				SWIFT_OPTIMIZATION_LEVEL = "-Onone";
			};
			name = Debug;
		};
		5CAA0A46221BE28400BDE83B /* Release */ = {
			isa = XCBuildConfiguration;
			buildSettings = {
				ALWAYS_SEARCH_USER_PATHS = NO;
				CLANG_ANALYZER_NONNULL = YES;
				CLANG_ANALYZER_NUMBER_OBJECT_CONVERSION = YES_AGGRESSIVE;
				CLANG_CXX_LANGUAGE_STANDARD = "gnu++14";
				CLANG_CXX_LIBRARY = "libc++";
				CLANG_ENABLE_MODULES = YES;
				CLANG_ENABLE_OBJC_ARC = YES;
				CLANG_ENABLE_OBJC_WEAK = YES;
				CLANG_WARN_BLOCK_CAPTURE_AUTORELEASING = YES;
				CLANG_WARN_BOOL_CONVERSION = YES;
				CLANG_WARN_COMMA = YES;
				CLANG_WARN_CONSTANT_CONVERSION = YES;
				CLANG_WARN_DEPRECATED_OBJC_IMPLEMENTATIONS = YES;
				CLANG_WARN_DIRECT_OBJC_ISA_USAGE = YES_ERROR;
				CLANG_WARN_DOCUMENTATION_COMMENTS = YES;
				CLANG_WARN_EMPTY_BODY = YES;
				CLANG_WARN_ENUM_CONVERSION = YES;
				CLANG_WARN_INFINITE_RECURSION = YES;
				CLANG_WARN_INT_CONVERSION = YES;
				CLANG_WARN_NON_LITERAL_NULL_CONVERSION = YES;
				CLANG_WARN_OBJC_IMPLICIT_RETAIN_SELF = YES;
				CLANG_WARN_OBJC_LITERAL_CONVERSION = YES;
				CLANG_WARN_OBJC_ROOT_CLASS = YES_ERROR;
				CLANG_WARN_RANGE_LOOP_ANALYSIS = YES;
				CLANG_WARN_STRICT_PROTOTYPES = YES;
				CLANG_WARN_SUSPICIOUS_MOVE = YES;
				CLANG_WARN_UNGUARDED_AVAILABILITY = YES_AGGRESSIVE;
				CLANG_WARN_UNREACHABLE_CODE = YES;
				CLANG_WARN__DUPLICATE_METHOD_MATCH = YES;
				CODE_SIGN_IDENTITY = "iPhone Developer";
				COPY_PHASE_STRIP = NO;
				DEBUG_INFORMATION_FORMAT = "dwarf-with-dsym";
				ENABLE_NS_ASSERTIONS = NO;
				ENABLE_STRICT_OBJC_MSGSEND = YES;
				GCC_C_LANGUAGE_STANDARD = gnu11;
				GCC_NO_COMMON_BLOCKS = YES;
				GCC_WARN_64_TO_32_BIT_CONVERSION = YES;
				GCC_WARN_ABOUT_RETURN_TYPE = YES_ERROR;
				GCC_WARN_UNDECLARED_SELECTOR = YES;
				GCC_WARN_UNINITIALIZED_AUTOS = YES_AGGRESSIVE;
				GCC_WARN_UNUSED_FUNCTION = YES;
				GCC_WARN_UNUSED_VARIABLE = YES;
				IPHONEOS_DEPLOYMENT_TARGET = 12.1;
				MTL_ENABLE_DEBUG_INFO = NO;
				MTL_FAST_MATH = YES;
				SDKROOT = iphoneos;
				SWIFT_COMPILATION_MODE = wholemodule;
				SWIFT_OPTIMIZATION_LEVEL = "-O";
				VALIDATE_PRODUCT = YES;
			};
			name = Release;
		};
		5CAA0A48221BE28400BDE83B /* Debug */ = {
			isa = XCBuildConfiguration;
			baseConfigurationReference = F2F11509E4D9B2758BC68603 /* Pods-FineDust_Copy.debug.xcconfig */;
			buildSettings = {
				ALWAYS_EMBED_SWIFT_STANDARD_LIBRARIES = YES;
				ASSETCATALOG_COMPILER_APPICON_NAME = AppIcon;
				CODE_SIGN_ENTITLEMENTS = FineDust_Copy/FineDust_Copy.entitlements;
				CODE_SIGN_STYLE = Automatic;
				DEVELOPMENT_TEAM = CNMQE42DQF;
				INFOPLIST_FILE = "$(SRCROOT)/FineDust_Copy/Resources/Info.plist";
				LD_RUNPATH_SEARCH_PATHS = (
					"$(inherited)",
					"@executable_path/Frameworks",
				);
				PRODUCT_BUNDLE_IDENTIFIER = "com.jinShine.FineDust-Copy";
				PRODUCT_NAME = "$(TARGET_NAME)";
				SWIFT_VERSION = 4.2;
				TARGETED_DEVICE_FAMILY = "1,2";
			};
			name = Debug;
		};
		5CAA0A49221BE28400BDE83B /* Release */ = {
			isa = XCBuildConfiguration;
			baseConfigurationReference = 3B46C5AA91C64E7EF4214841 /* Pods-FineDust_Copy.release.xcconfig */;
			buildSettings = {
				ALWAYS_EMBED_SWIFT_STANDARD_LIBRARIES = YES;
				ASSETCATALOG_COMPILER_APPICON_NAME = AppIcon;
				CODE_SIGN_ENTITLEMENTS = FineDust_Copy/FineDust_Copy.entitlements;
				CODE_SIGN_STYLE = Automatic;
				DEVELOPMENT_TEAM = CNMQE42DQF;
				INFOPLIST_FILE = "$(SRCROOT)/FineDust_Copy/Resources/Info.plist";
				LD_RUNPATH_SEARCH_PATHS = (
					"$(inherited)",
					"@executable_path/Frameworks",
				);
				PRODUCT_BUNDLE_IDENTIFIER = "com.jinShine.FineDust-Copy";
				PRODUCT_NAME = "$(TARGET_NAME)";
				SWIFT_VERSION = 4.2;
				TARGETED_DEVICE_FAMILY = "1,2";
			};
			name = Release;
		};
/* End XCBuildConfiguration section */

/* Begin XCConfigurationList section */
		5C66085F223A659100138A73 /* Build configuration list for PBXNativeTarget "FineDustWidget" */ = {
			isa = XCConfigurationList;
			buildConfigurations = (
				5C660860223A659100138A73 /* Debug */,
				5C660861223A659100138A73 /* Release */,
			);
			defaultConfigurationIsVisible = 0;
			defaultConfigurationName = Release;
		};
		5CAA0A30221BE28300BDE83B /* Build configuration list for PBXProject "FineDust_Copy" */ = {
			isa = XCConfigurationList;
			buildConfigurations = (
				5CAA0A45221BE28400BDE83B /* Debug */,
				5CAA0A46221BE28400BDE83B /* Release */,
			);
			defaultConfigurationIsVisible = 0;
			defaultConfigurationName = Release;
		};
		5CAA0A47221BE28400BDE83B /* Build configuration list for PBXNativeTarget "FineDust_Copy" */ = {
			isa = XCConfigurationList;
			buildConfigurations = (
				5CAA0A48221BE28400BDE83B /* Debug */,
				5CAA0A49221BE28400BDE83B /* Release */,
			);
			defaultConfigurationIsVisible = 0;
			defaultConfigurationName = Release;
		};
/* End XCConfigurationList section */
	};
	rootObject = 5CAA0A2D221BE28300BDE83B /* Project object */;
}
